// !$*UTF8*$!
{
	archiveVersion = 1;
	classes = {
	};
	objectVersion = 46;
	objects = {

/* Begin PBXBuildFile section */
		320300A3190E83D100CC7F70 /* JASidePanelController.m in Sources */ = {isa = PBXBuildFile; fileRef = 320300A0190E83D100CC7F70 /* JASidePanelController.m */; };
		320300A4190E83D100CC7F70 /* UIViewController+JASidePanel.m in Sources */ = {isa = PBXBuildFile; fileRef = 320300A2190E83D100CC7F70 /* UIViewController+JASidePanel.m */; };
		320300B0190E840800CC7F70 /* JAAppDelegate.m in Sources */ = {isa = PBXBuildFile; fileRef = 320300A7190E840800CC7F70 /* JAAppDelegate.m */; };
		320300B1190E840800CC7F70 /* JADebugViewController.m in Sources */ = {isa = PBXBuildFile; fileRef = 320300A9190E840800CC7F70 /* JADebugViewController.m */; };
		320300B2190E840800CC7F70 /* JACenterViewController.m in Sources */ = {isa = PBXBuildFile; fileRef = 320300AB190E840800CC7F70 /* JACenterViewController.m */; };
		320300B3190E840800CC7F70 /* JALeftViewController.m in Sources */ = {isa = PBXBuildFile; fileRef = 320300AD190E840800CC7F70 /* JALeftViewController.m */; };
		320300B4190E840800CC7F70 /* JARightViewController.m in Sources */ = {isa = PBXBuildFile; fileRef = 320300AF190E840800CC7F70 /* JARightViewController.m */; };
		3238352C18FB23900048A9B1 /* anecdoteCell.m in Sources */ = {isa = PBXBuildFile; fileRef = 3238352B18FB23900048A9B1 /* anecdoteCell.m */; };
		3238352F18FB4A740048A9B1 /* Group.m in Sources */ = {isa = PBXBuildFile; fileRef = 3238352E18FB4A740048A9B1 /* Group.m */; };
		3238353518FB4D3F0048A9B1 /* GroupBuilder.m in Sources */ = {isa = PBXBuildFile; fileRef = 3238353118FB4D3F0048A9B1 /* GroupBuilder.m */; };
		3238353618FB4D3F0048A9B1 /* AnneManager.m in Sources */ = {isa = PBXBuildFile; fileRef = 3238353418FB4D3F0048A9B1 /* AnneManager.m */; };
		3238353A18FB4DB00048A9B1 /* AnneCommunicator.m in Sources */ = {isa = PBXBuildFile; fileRef = 3238353918FB4DB00048A9B1 /* AnneCommunicator.m */; };
		32CE6CEA1924ACF800799588 /* AnneAppDelegate.m in Sources */ = {isa = PBXBuildFile; fileRef = 32CE6CE51924ACF800799588 /* AnneAppDelegate.m */; };
		32CE6CEB1924ACF800799588 /* AnneMenuViewController.m in Sources */ = {isa = PBXBuildFile; fileRef = 32CE6CE71924ACF800799588 /* AnneMenuViewController.m */; };
		32CE6CEC1924ACF800799588 /* AnneViewController.m in Sources */ = {isa = PBXBuildFile; fileRef = 32CE6CE91924ACF800799588 /* AnneViewController.m */; };
		32CE6CF11924B4FC00799588 /* AnneAirViewController.m in Sources */ = {isa = PBXBuildFile; fileRef = 32CE6CEE1924B4FC00799588 /* AnneAirViewController.m */; };
		32CE6CF21924B4FC00799588 /* AnneSessionView.m in Sources */ = {isa = PBXBuildFile; fileRef = 32CE6CF01924B4FC00799588 /* AnneSessionView.m */; };
		32CE6CF51924B51B00799588 /* UIViewAdditions.m in Sources */ = {isa = PBXBuildFile; fileRef = 32CE6CF41924B51B00799588 /* UIViewAdditions.m */; };
		32FC63AA18FA29F000A71065 /* Foundation.framework in Frameworks */ = {isa = PBXBuildFile; fileRef = 32FC63A918FA29F000A71065 /* Foundation.framework */; };
		32FC63AC18FA29F000A71065 /* CoreGraphics.framework in Frameworks */ = {isa = PBXBuildFile; fileRef = 32FC63AB18FA29F000A71065 /* CoreGraphics.framework */; };
		32FC63AE18FA29F000A71065 /* UIKit.framework in Frameworks */ = {isa = PBXBuildFile; fileRef = 32FC63AD18FA29F000A71065 /* UIKit.framework */; };
		32FC63B018FA29F000A71065 /* CoreData.framework in Frameworks */ = {isa = PBXBuildFile; fileRef = 32FC63AF18FA29F000A71065 /* CoreData.framework */; };
		32FC63B618FA29F000A71065 /* InfoPlist.strings in Resources */ = {isa = PBXBuildFile; fileRef = 32FC63B418FA29F000A71065 /* InfoPlist.strings */; };
		32FC63B818FA29F000A71065 /* main.m in Sources */ = {isa = PBXBuildFile; fileRef = 32FC63B718FA29F000A71065 /* main.m */; };
		32FC63BC18FA29F000A71065 /* AppDelegate.m in Sources */ = {isa = PBXBuildFile; fileRef = 32FC63BB18FA29F000A71065 /* AppDelegate.m */; };
		32FC63BF18FA29F100A71065 /* Main.storyboard in Resources */ = {isa = PBXBuildFile; fileRef = 32FC63BD18FA29F100A71065 /* Main.storyboard */; };
		32FC63C218FA29F100A71065 /* Anne_DocTique.xcdatamodeld in Sources */ = {isa = PBXBuildFile; fileRef = 32FC63C018FA29F100A71065 /* Anne_DocTique.xcdatamodeld */; };
		32FC63C518FA29F100A71065 /* MasterViewController.m in Sources */ = {isa = PBXBuildFile; fileRef = 32FC63C418FA29F100A71065 /* MasterViewController.m */; };
		32FC63C818FA29F100A71065 /* DetailViewController.m in Sources */ = {isa = PBXBuildFile; fileRef = 32FC63C718FA29F100A71065 /* DetailViewController.m */; };
		32FC63CA18FA29F100A71065 /* Images.xcassets in Resources */ = {isa = PBXBuildFile; fileRef = 32FC63C918FA29F100A71065 /* Images.xcassets */; };
		32FC63D118FA29F100A71065 /* XCTest.framework in Frameworks */ = {isa = PBXBuildFile; fileRef = 32FC63D018FA29F100A71065 /* XCTest.framework */; };
		32FC63D218FA29F100A71065 /* Foundation.framework in Frameworks */ = {isa = PBXBuildFile; fileRef = 32FC63A918FA29F000A71065 /* Foundation.framework */; };
		32FC63D318FA29F100A71065 /* UIKit.framework in Frameworks */ = {isa = PBXBuildFile; fileRef = 32FC63AD18FA29F000A71065 /* UIKit.framework */; };
		32FC63D418FA29F100A71065 /* CoreData.framework in Frameworks */ = {isa = PBXBuildFile; fileRef = 32FC63AF18FA29F000A71065 /* CoreData.framework */; };
		32FC63DC18FA29F100A71065 /* InfoPlist.strings in Resources */ = {isa = PBXBuildFile; fileRef = 32FC63DA18FA29F100A71065 /* InfoPlist.strings */; };
		32FC63DE18FA29F100A71065 /* Anne_DocTiqueTests.m in Sources */ = {isa = PBXBuildFile; fileRef = 32FC63DD18FA29F100A71065 /* Anne_DocTiqueTests.m */; };
		32FC63E918FAE46F00A71065 /* MasterSecondViewController.m in Sources */ = {isa = PBXBuildFile; fileRef = 32FC63E818FAE46E00A71065 /* MasterSecondViewController.m */; };
/* End PBXBuildFile section */

/* Begin PBXContainerItemProxy section */
		32FC63D518FA29F100A71065 /* PBXContainerItemProxy */ = {
			isa = PBXContainerItemProxy;
			containerPortal = 32FC639E18FA29F000A71065 /* Project object */;
			proxyType = 1;
			remoteGlobalIDString = 32FC63A518FA29F000A71065;
			remoteInfo = "Anne&DocTique";
		};
/* End PBXContainerItemProxy section */

/* Begin PBXFileReference section */
		3203009F190E83D100CC7F70 /* JASidePanelController.h */ = {isa = PBXFileReference; fileEncoding = 4; lastKnownFileType = sourcecode.c.h; path = JASidePanelController.h; sourceTree = "<group>"; };
		320300A0190E83D100CC7F70 /* JASidePanelController.m */ = {isa = PBXFileReference; fileEncoding = 4; lastKnownFileType = sourcecode.c.objc; path = JASidePanelController.m; sourceTree = "<group>"; };
		320300A1190E83D100CC7F70 /* UIViewController+JASidePanel.h */ = {isa = PBXFileReference; fileEncoding = 4; lastKnownFileType = sourcecode.c.h; path = "UIViewController+JASidePanel.h"; sourceTree = "<group>"; };
		320300A2190E83D100CC7F70 /* UIViewController+JASidePanel.m */ = {isa = PBXFileReference; fileEncoding = 4; lastKnownFileType = sourcecode.c.objc; path = "UIViewController+JASidePanel.m"; sourceTree = "<group>"; };
		320300A6190E840800CC7F70 /* JAAppDelegate.h */ = {isa = PBXFileReference; fileEncoding = 4; lastKnownFileType = sourcecode.c.h; path = JAAppDelegate.h; sourceTree = "<group>"; };
		320300A7190E840800CC7F70 /* JAAppDelegate.m */ = {isa = PBXFileReference; fileEncoding = 4; lastKnownFileType = sourcecode.c.objc; path = JAAppDelegate.m; sourceTree = "<group>"; };
		320300A8190E840800CC7F70 /* JADebugViewController.h */ = {isa = PBXFileReference; fileEncoding = 4; lastKnownFileType = sourcecode.c.h; path = JADebugViewController.h; sourceTree = "<group>"; };
		320300A9190E840800CC7F70 /* JADebugViewController.m */ = {isa = PBXFileReference; fileEncoding = 4; lastKnownFileType = sourcecode.c.objc; path = JADebugViewController.m; sourceTree = "<group>"; };
		320300AA190E840800CC7F70 /* JACenterViewController.h */ = {isa = PBXFileReference; fileEncoding = 4; lastKnownFileType = sourcecode.c.h; path = JACenterViewController.h; sourceTree = "<group>"; };
		320300AB190E840800CC7F70 /* JACenterViewController.m */ = {isa = PBXFileReference; fileEncoding = 4; lastKnownFileType = sourcecode.c.objc; path = JACenterViewController.m; sourceTree = "<group>"; };
		320300AC190E840800CC7F70 /* JALeftViewController.h */ = {isa = PBXFileReference; fileEncoding = 4; lastKnownFileType = sourcecode.c.h; path = JALeftViewController.h; sourceTree = "<group>"; };
		320300AD190E840800CC7F70 /* JALeftViewController.m */ = {isa = PBXFileReference; fileEncoding = 4; lastKnownFileType = sourcecode.c.objc; path = JALeftViewController.m; sourceTree = "<group>"; };
		320300AE190E840800CC7F70 /* JARightViewController.h */ = {isa = PBXFileReference; fileEncoding = 4; lastKnownFileType = sourcecode.c.h; path = JARightViewController.h; sourceTree = "<group>"; };
		320300AF190E840800CC7F70 /* JARightViewController.m */ = {isa = PBXFileReference; fileEncoding = 4; lastKnownFileType = sourcecode.c.objc; path = JARightViewController.m; sourceTree = "<group>"; };
		3238352A18FB23900048A9B1 /* anecdoteCell.h */ = {isa = PBXFileReference; fileEncoding = 4; lastKnownFileType = sourcecode.c.h; path = anecdoteCell.h; sourceTree = "<group>"; };
		3238352B18FB23900048A9B1 /* anecdoteCell.m */ = {isa = PBXFileReference; fileEncoding = 4; lastKnownFileType = sourcecode.c.objc; path = anecdoteCell.m; sourceTree = "<group>"; };
		3238352D18FB4A740048A9B1 /* Group.h */ = {isa = PBXFileReference; fileEncoding = 4; lastKnownFileType = sourcecode.c.h; path = Group.h; sourceTree = "<group>"; };
		3238352E18FB4A740048A9B1 /* Group.m */ = {isa = PBXFileReference; fileEncoding = 4; lastKnownFileType = sourcecode.c.objc; path = Group.m; sourceTree = "<group>"; };
		3238353018FB4D3F0048A9B1 /* GroupBuilder.h */ = {isa = PBXFileReference; fileEncoding = 4; lastKnownFileType = sourcecode.c.h; path = GroupBuilder.h; sourceTree = "<group>"; };
		3238353118FB4D3F0048A9B1 /* GroupBuilder.m */ = {isa = PBXFileReference; fileEncoding = 4; lastKnownFileType = sourcecode.c.objc; path = GroupBuilder.m; sourceTree = "<group>"; };
		3238353218FB4D3F0048A9B1 /* AnneManagerDelegate.h */ = {isa = PBXFileReference; fileEncoding = 4; lastKnownFileType = sourcecode.c.h; path = AnneManagerDelegate.h; sourceTree = "<group>"; };
		3238353318FB4D3F0048A9B1 /* AnneManager.h */ = {isa = PBXFileReference; fileEncoding = 4; lastKnownFileType = sourcecode.c.h; path = AnneManager.h; sourceTree = "<group>"; };
		3238353418FB4D3F0048A9B1 /* AnneManager.m */ = {isa = PBXFileReference; fileEncoding = 4; lastKnownFileType = sourcecode.c.objc; path = AnneManager.m; sourceTree = "<group>"; };
		3238353718FB4DB00048A9B1 /* AnneCommunicatorDelegate.h */ = {isa = PBXFileReference; fileEncoding = 4; lastKnownFileType = sourcecode.c.h; path = AnneCommunicatorDelegate.h; sourceTree = "<group>"; };
		3238353818FB4DB00048A9B1 /* AnneCommunicator.h */ = {isa = PBXFileReference; fileEncoding = 4; lastKnownFileType = sourcecode.c.h; path = AnneCommunicator.h; sourceTree = "<group>"; };
		3238353918FB4DB00048A9B1 /* AnneCommunicator.m */ = {isa = PBXFileReference; fileEncoding = 4; lastKnownFileType = sourcecode.c.objc; path = AnneCommunicator.m; sourceTree = "<group>"; };
		32CE6CE41924ACF700799588 /* AnneAppDelegate.h */ = {isa = PBXFileReference; fileEncoding = 4; lastKnownFileType = sourcecode.c.h; path = AnneAppDelegate.h; sourceTree = "<group>"; };
		32CE6CE51924ACF800799588 /* AnneAppDelegate.m */ = {isa = PBXFileReference; fileEncoding = 4; lastKnownFileType = sourcecode.c.objc; path = AnneAppDelegate.m; sourceTree = "<group>"; };
		32CE6CE61924ACF800799588 /* AnneMenuViewController.h */ = {isa = PBXFileReference; fileEncoding = 4; lastKnownFileType = sourcecode.c.h; path = AnneMenuViewController.h; sourceTree = "<group>"; };
		32CE6CE71924ACF800799588 /* AnneMenuViewController.m */ = {isa = PBXFileReference; fileEncoding = 4; lastKnownFileType = sourcecode.c.objc; path = AnneMenuViewController.m; sourceTree = "<group>"; };
		32CE6CE81924ACF800799588 /* AnneViewController.h */ = {isa = PBXFileReference; fileEncoding = 4; lastKnownFileType = sourcecode.c.h; path = AnneViewController.h; sourceTree = "<group>"; };
		32CE6CE91924ACF800799588 /* AnneViewController.m */ = {isa = PBXFileReference; fileEncoding = 4; lastKnownFileType = sourcecode.c.objc; path = AnneViewController.m; sourceTree = "<group>"; };
		32CE6CED1924B4FC00799588 /* AnneAirViewController.h */ = {isa = PBXFileReference; fileEncoding = 4; lastKnownFileType = sourcecode.c.h; name = AnneAirViewController.h; path = "../../../../Desktop/Iphone/PHAirViewController-master/Source/AnneAirViewController.h"; sourceTree = "<group>"; };
		32CE6CEE1924B4FC00799588 /* AnneAirViewController.m */ = {isa = PBXFileReference; fileEncoding = 4; lastKnownFileType = sourcecode.c.objc; name = AnneAirViewController.m; path = "../../../../Desktop/Iphone/PHAirViewController-master/Source/AnneAirViewController.m"; sourceTree = "<group>"; };
		32CE6CEF1924B4FC00799588 /* AnneSessionView.h */ = {isa = PBXFileReference; fileEncoding = 4; lastKnownFileType = sourcecode.c.h; name = AnneSessionView.h; path = "../../../../Desktop/Iphone/PHAirViewController-master/Source/AnneSessionView.h"; sourceTree = "<group>"; };
		32CE6CF01924B4FC00799588 /* AnneSessionView.m */ = {isa = PBXFileReference; fileEncoding = 4; lastKnownFileType = sourcecode.c.objc; name = AnneSessionView.m; path = "../../../../Desktop/Iphone/PHAirViewController-master/Source/AnneSessionView.m"; sourceTree = "<group>"; };
		32CE6CF31924B51B00799588 /* UIViewAdditions.h */ = {isa = PBXFileReference; fileEncoding = 4; lastKnownFileType = sourcecode.c.h; path = UIViewAdditions.h; sourceTree = "<group>"; };
		32CE6CF41924B51B00799588 /* UIViewAdditions.m */ = {isa = PBXFileReference; fileEncoding = 4; lastKnownFileType = sourcecode.c.objc; path = UIViewAdditions.m; sourceTree = "<group>"; };
		32FC63A618FA29F000A71065 /* Anne&DocTique.app */ = {isa = PBXFileReference; explicitFileType = wrapper.application; includeInIndex = 0; path = "Anne&DocTique.app"; sourceTree = BUILT_PRODUCTS_DIR; };
		32FC63A918FA29F000A71065 /* Foundation.framework */ = {isa = PBXFileReference; lastKnownFileType = wrapper.framework; name = Foundation.framework; path = System/Library/Frameworks/Foundation.framework; sourceTree = SDKROOT; };
		32FC63AB18FA29F000A71065 /* CoreGraphics.framework */ = {isa = PBXFileReference; lastKnownFileType = wrapper.framework; name = CoreGraphics.framework; path = System/Library/Frameworks/CoreGraphics.framework; sourceTree = SDKROOT; };
		32FC63AD18FA29F000A71065 /* UIKit.framework */ = {isa = PBXFileReference; lastKnownFileType = wrapper.framework; name = UIKit.framework; path = System/Library/Frameworks/UIKit.framework; sourceTree = SDKROOT; };
		32FC63AF18FA29F000A71065 /* CoreData.framework */ = {isa = PBXFileReference; lastKnownFileType = wrapper.framework; name = CoreData.framework; path = System/Library/Frameworks/CoreData.framework; sourceTree = SDKROOT; };
		32FC63B318FA29F000A71065 /* Anne&DocTique-Info.plist */ = {isa = PBXFileReference; lastKnownFileType = text.plist.xml; path = "Anne&DocTique-Info.plist"; sourceTree = "<group>"; };
		32FC63B518FA29F000A71065 /* en */ = {isa = PBXFileReference; lastKnownFileType = text.plist.strings; name = en; path = en.lproj/InfoPlist.strings; sourceTree = "<group>"; };
		32FC63B718FA29F000A71065 /* main.m */ = {isa = PBXFileReference; lastKnownFileType = sourcecode.c.objc; path = main.m; sourceTree = "<group>"; };
		32FC63B918FA29F000A71065 /* Anne&DocTique-Prefix.pch */ = {isa = PBXFileReference; lastKnownFileType = sourcecode.c.h; path = "Anne&DocTique-Prefix.pch"; sourceTree = "<group>"; };
		32FC63BA18FA29F000A71065 /* AppDelegate.h */ = {isa = PBXFileReference; lastKnownFileType = sourcecode.c.h; path = AppDelegate.h; sourceTree = "<group>"; };
		32FC63BB18FA29F000A71065 /* AppDelegate.m */ = {isa = PBXFileReference; lastKnownFileType = sourcecode.c.objc; path = AppDelegate.m; sourceTree = "<group>"; };
		32FC63BE18FA29F100A71065 /* Base */ = {isa = PBXFileReference; lastKnownFileType = file.storyboard; name = Base; path = Base.lproj/Main.storyboard; sourceTree = "<group>"; };
		32FC63C118FA29F100A71065 /* Anne_DocTique.xcdatamodel */ = {isa = PBXFileReference; lastKnownFileType = wrapper.xcdatamodel; path = Anne_DocTique.xcdatamodel; sourceTree = "<group>"; };
		32FC63C318FA29F100A71065 /* MasterViewController.h */ = {isa = PBXFileReference; lastKnownFileType = sourcecode.c.h; path = MasterViewController.h; sourceTree = "<group>"; };
		32FC63C418FA29F100A71065 /* MasterViewController.m */ = {isa = PBXFileReference; lastKnownFileType = sourcecode.c.objc; path = MasterViewController.m; sourceTree = "<group>"; };
		32FC63C618FA29F100A71065 /* DetailViewController.h */ = {isa = PBXFileReference; lastKnownFileType = sourcecode.c.h; path = DetailViewController.h; sourceTree = "<group>"; };
		32FC63C718FA29F100A71065 /* DetailViewController.m */ = {isa = PBXFileReference; lastKnownFileType = sourcecode.c.objc; path = DetailViewController.m; sourceTree = "<group>"; };
		32FC63C918FA29F100A71065 /* Images.xcassets */ = {isa = PBXFileReference; lastKnownFileType = folder.assetcatalog; path = Images.xcassets; sourceTree = "<group>"; };
		32FC63CF18FA29F100A71065 /* Anne&DocTiqueTests.xctest */ = {isa = PBXFileReference; explicitFileType = wrapper.cfbundle; includeInIndex = 0; path = "Anne&DocTiqueTests.xctest"; sourceTree = BUILT_PRODUCTS_DIR; };
		32FC63D018FA29F100A71065 /* XCTest.framework */ = {isa = PBXFileReference; lastKnownFileType = wrapper.framework; name = XCTest.framework; path = Library/Frameworks/XCTest.framework; sourceTree = DEVELOPER_DIR; };
		32FC63D918FA29F100A71065 /* Anne&DocTiqueTests-Info.plist */ = {isa = PBXFileReference; lastKnownFileType = text.plist.xml; path = "Anne&DocTiqueTests-Info.plist"; sourceTree = "<group>"; };
		32FC63DB18FA29F100A71065 /* en */ = {isa = PBXFileReference; lastKnownFileType = text.plist.strings; name = en; path = en.lproj/InfoPlist.strings; sourceTree = "<group>"; };
		32FC63DD18FA29F100A71065 /* Anne_DocTiqueTests.m */ = {isa = PBXFileReference; lastKnownFileType = sourcecode.c.objc; path = Anne_DocTiqueTests.m; sourceTree = "<group>"; };
		32FC63E718FAE46E00A71065 /* MasterSecondViewController.h */ = {isa = PBXFileReference; fileEncoding = 4; lastKnownFileType = sourcecode.c.h; path = MasterSecondViewController.h; sourceTree = "<group>"; };
		32FC63E818FAE46E00A71065 /* MasterSecondViewController.m */ = {isa = PBXFileReference; fileEncoding = 4; lastKnownFileType = sourcecode.c.objc; path = MasterSecondViewController.m; sourceTree = "<group>"; };
/* End PBXFileReference section */

/* Begin PBXFrameworksBuildPhase section */
		32FC63A318FA29F000A71065 /* Frameworks */ = {
			isa = PBXFrameworksBuildPhase;
			buildActionMask = 2147483647;
			files = (
				32FC63AC18FA29F000A71065 /* CoreGraphics.framework in Frameworks */,
				32FC63B018FA29F000A71065 /* CoreData.framework in Frameworks */,
				32FC63AE18FA29F000A71065 /* UIKit.framework in Frameworks */,
				32FC63AA18FA29F000A71065 /* Foundation.framework in Frameworks */,
			);
			runOnlyForDeploymentPostprocessing = 0;
		};
		32FC63CC18FA29F100A71065 /* Frameworks */ = {
			isa = PBXFrameworksBuildPhase;
			buildActionMask = 2147483647;
			files = (
				32FC63D118FA29F100A71065 /* XCTest.framework in Frameworks */,
				32FC63D418FA29F100A71065 /* CoreData.framework in Frameworks */,
				32FC63D318FA29F100A71065 /* UIKit.framework in Frameworks */,
				32FC63D218FA29F100A71065 /* Foundation.framework in Frameworks */,
			);
			runOnlyForDeploymentPostprocessing = 0;
		};
/* End PBXFrameworksBuildPhase section */

/* Begin PBXGroup section */
		3203009E190E838500CC7F70 /* SidePanel */ = {
			isa = PBXGroup;
			children = (
				320300A6190E840800CC7F70 /* JAAppDelegate.h */,
				320300A7190E840800CC7F70 /* JAAppDelegate.m */,
				320300A8190E840800CC7F70 /* JADebugViewController.h */,
				320300A9190E840800CC7F70 /* JADebugViewController.m */,
				320300AA190E840800CC7F70 /* JACenterViewController.h */,
				320300AB190E840800CC7F70 /* JACenterViewController.m */,
				320300AC190E840800CC7F70 /* JALeftViewController.h */,
				320300AD190E840800CC7F70 /* JALeftViewController.m */,
				320300AE190E840800CC7F70 /* JARightViewController.h */,
				320300AF190E840800CC7F70 /* JARightViewController.m */,
				320300A5190E83DD00CC7F70 /* Source */,
			);
			name = SidePanel;
			sourceTree = "<group>";
		};
		320300A5190E83DD00CC7F70 /* Source */ = {
			isa = PBXGroup;
			children = (
				320300A1190E83D100CC7F70 /* UIViewController+JASidePanel.h */,
				320300A2190E83D100CC7F70 /* UIViewController+JASidePanel.m */,
				3203009F190E83D100CC7F70 /* JASidePanelController.h */,
				320300A0190E83D100CC7F70 /* JASidePanelController.m */,
			);
			name = Source;
			sourceTree = "<group>";
		};
		32CE6CF61924B52A00799588 /* KnAdditions */ = {
			isa = PBXGroup;
			children = (
				32CE6CF31924B51B00799588 /* UIViewAdditions.h */,
				32CE6CF41924B51B00799588 /* UIViewAdditions.m */,
			);
			name = KnAdditions;
			sourceTree = "<group>";
		};
		32CE6CF71924B53B00799588 /* Library */ = {
			isa = PBXGroup;
			children = (
				32CE6CF61924B52A00799588 /* KnAdditions */,
			);
			name = Library;
			sourceTree = "<group>";
		};
		32CE6CF81924B56B00799588 /* Sources */ = {
			isa = PBXGroup;
			children = (
				32CE6CED1924B4FC00799588 /* AnneAirViewController.h */,
				32CE6CEE1924B4FC00799588 /* AnneAirViewController.m */,
				32CE6CEF1924B4FC00799588 /* AnneSessionView.h */,
				32CE6CF01924B4FC00799588 /* AnneSessionView.m */,
			);
			name = Sources;
			sourceTree = "<group>";
		};
		32CE6CFA1924B59300799588 /* AirMenu */ = {
			isa = PBXGroup;
			children = (
				32CE6CF71924B53B00799588 /* Library */,
				32CE6CF81924B56B00799588 /* Sources */,
				32CE6CE41924ACF700799588 /* AnneAppDelegate.h */,
				32CE6CE51924ACF800799588 /* AnneAppDelegate.m */,
				32CE6CE61924ACF800799588 /* AnneMenuViewController.h */,
				32CE6CE71924ACF800799588 /* AnneMenuViewController.m */,
				32CE6CE81924ACF800799588 /* AnneViewController.h */,
				32CE6CE91924ACF800799588 /* AnneViewController.m */,
			);
			name = AirMenu;
			sourceTree = "<group>";
		};
		32FC639D18FA29F000A71065 = {
			isa = PBXGroup;
			children = (
				32FC63B118FA29F000A71065 /* Anne&DocTique */,
				32FC63D718FA29F100A71065 /* Anne&DocTiqueTests */,
				32FC63A818FA29F000A71065 /* Frameworks */,
				32FC63A718FA29F000A71065 /* Products */,
			);
			sourceTree = "<group>";
		};
		32FC63A718FA29F000A71065 /* Products */ = {
			isa = PBXGroup;
			children = (
				32FC63A618FA29F000A71065 /* Anne&DocTique.app */,
				32FC63CF18FA29F100A71065 /* Anne&DocTiqueTests.xctest */,
			);
			name = Products;
			sourceTree = "<group>";
		};
		32FC63A818FA29F000A71065 /* Frameworks */ = {
			isa = PBXGroup;
			children = (
				32FC63A918FA29F000A71065 /* Foundation.framework */,
				32FC63AB18FA29F000A71065 /* CoreGraphics.framework */,
				32FC63AD18FA29F000A71065 /* UIKit.framework */,
				32FC63AF18FA29F000A71065 /* CoreData.framework */,
				32FC63D018FA29F100A71065 /* XCTest.framework */,
			);
			name = Frameworks;
			sourceTree = "<group>";
		};
		32FC63B118FA29F000A71065 /* Anne&DocTique */ = {
			isa = PBXGroup;
			children = (
				3203009E190E838500CC7F70 /* SidePanel */,
				32FC63BA18FA29F000A71065 /* AppDelegate.h */,
				32FC63BB18FA29F000A71065 /* AppDelegate.m */,
				32FC63BD18FA29F100A71065 /* Main.storyboard */,
				32FC63E718FAE46E00A71065 /* MasterSecondViewController.h */,
				32FC63E818FAE46E00A71065 /* MasterSecondViewController.m */,
				32FC63C318FA29F100A71065 /* MasterViewController.h */,
				32FC63C418FA29F100A71065 /* MasterViewController.m */,
				3238352A18FB23900048A9B1 /* anecdoteCell.h */,
				3238352B18FB23900048A9B1 /* anecdoteCell.m */,
				3238352D18FB4A740048A9B1 /* Group.h */,
				3238352E18FB4A740048A9B1 /* Group.m */,
				32FC63C618FA29F100A71065 /* DetailViewController.h */,
				32FC63C718FA29F100A71065 /* DetailViewController.m */,
				3238353018FB4D3F0048A9B1 /* GroupBuilder.h */,
				3238353118FB4D3F0048A9B1 /* GroupBuilder.m */,
				3238353218FB4D3F0048A9B1 /* AnneManagerDelegate.h */,
				3238353318FB4D3F0048A9B1 /* AnneManager.h */,
				3238353418FB4D3F0048A9B1 /* AnneManager.m */,
				3238353718FB4DB00048A9B1 /* AnneCommunicatorDelegate.h */,
				3238353818FB4DB00048A9B1 /* AnneCommunicator.h */,
				3238353918FB4DB00048A9B1 /* AnneCommunicator.m */,
				32CE6CFA1924B59300799588 /* AirMenu */,
				32FC63C918FA29F100A71065 /* Images.xcassets */,
				32FC63C018FA29F100A71065 /* Anne_DocTique.xcdatamodeld */,
				32FC63B218FA29F000A71065 /* Supporting Files */,
			);
			path = "Anne&DocTique";
			sourceTree = "<group>";
		};
		32FC63B218FA29F000A71065 /* Supporting Files */ = {
			isa = PBXGroup;
			children = (
				32FC63B318FA29F000A71065 /* Anne&DocTique-Info.plist */,
				32FC63B418FA29F000A71065 /* InfoPlist.strings */,
				32FC63B718FA29F000A71065 /* main.m */,
				32FC63B918FA29F000A71065 /* Anne&DocTique-Prefix.pch */,
			);
			name = "Supporting Files";
			sourceTree = "<group>";
		};
		32FC63D718FA29F100A71065 /* Anne&DocTiqueTests */ = {
			isa = PBXGroup;
			children = (
				32FC63DD18FA29F100A71065 /* Anne_DocTiqueTests.m */,
				32FC63D818FA29F100A71065 /* Supporting Files */,
			);
			path = "Anne&DocTiqueTests";
			sourceTree = "<group>";
		};
		32FC63D818FA29F100A71065 /* Supporting Files */ = {
			isa = PBXGroup;
			children = (
				32FC63D918FA29F100A71065 /* Anne&DocTiqueTests-Info.plist */,
				32FC63DA18FA29F100A71065 /* InfoPlist.strings */,
			);
			name = "Supporting Files";
			sourceTree = "<group>";
		};
/* End PBXGroup section */

/* Begin PBXNativeTarget section */
		32FC63A518FA29F000A71065 /* Anne&DocTique */ = {
			isa = PBXNativeTarget;
			buildConfigurationList = 32FC63E118FA29F100A71065 /* Build configuration list for PBXNativeTarget "Anne&DocTique" */;
			buildPhases = (
				32FC63A218FA29F000A71065 /* Sources */,
				32FC63A318FA29F000A71065 /* Frameworks */,
				32FC63A418FA29F000A71065 /* Resources */,
			);
			buildRules = (
			);
			dependencies = (
			);
			name = "Anne&DocTique";
			productName = "Anne&DocTique";
			productReference = 32FC63A618FA29F000A71065 /* Anne&DocTique.app */;
			productType = "com.apple.product-type.application";
		};
		32FC63CE18FA29F100A71065 /* Anne&DocTiqueTests */ = {
			isa = PBXNativeTarget;
			buildConfigurationList = 32FC63E418FA29F100A71065 /* Build configuration list for PBXNativeTarget "Anne&DocTiqueTests" */;
			buildPhases = (
				32FC63CB18FA29F100A71065 /* Sources */,
				32FC63CC18FA29F100A71065 /* Frameworks */,
				32FC63CD18FA29F100A71065 /* Resources */,
			);
			buildRules = (
			);
			dependencies = (
				32FC63D618FA29F100A71065 /* PBXTargetDependency */,
			);
			name = "Anne&DocTiqueTests";
			productName = "Anne&DocTiqueTests";
			productReference = 32FC63CF18FA29F100A71065 /* Anne&DocTiqueTests.xctest */;
			productType = "com.apple.product-type.bundle.unit-test";
		};
/* End PBXNativeTarget section */

/* Begin PBXProject section */
		32FC639E18FA29F000A71065 /* Project object */ = {
			isa = PBXProject;
			attributes = {
				LastUpgradeCheck = 0510;
				ORGANIZATIONNAME = Kapi;
				TargetAttributes = {
					32FC63CE18FA29F100A71065 = {
						TestTargetID = 32FC63A518FA29F000A71065;
					};
				};
			};
			buildConfigurationList = 32FC63A118FA29F000A71065 /* Build configuration list for PBXProject "Anne&DocTique" */;
			compatibilityVersion = "Xcode 3.2";
			developmentRegion = English;
			hasScannedForEncodings = 0;
			knownRegions = (
				en,
				Base,
			);
			mainGroup = 32FC639D18FA29F000A71065;
			productRefGroup = 32FC63A718FA29F000A71065 /* Products */;
			projectDirPath = "";
			projectRoot = "";
			targets = (
				32FC63A518FA29F000A71065 /* Anne&DocTique */,
				32FC63CE18FA29F100A71065 /* Anne&DocTiqueTests */,
			);
		};
/* End PBXProject section */

/* Begin PBXResourcesBuildPhase section */
		32FC63A418FA29F000A71065 /* Resources */ = {
			isa = PBXResourcesBuildPhase;
			buildActionMask = 2147483647;
			files = (
				32FC63CA18FA29F100A71065 /* Images.xcassets in Resources */,
				32FC63B618FA29F000A71065 /* InfoPlist.strings in Resources */,
				32FC63BF18FA29F100A71065 /* Main.storyboard in Resources */,
			);
			runOnlyForDeploymentPostprocessing = 0;
		};
		32FC63CD18FA29F100A71065 /* Resources */ = {
			isa = PBXResourcesBuildPhase;
			buildActionMask = 2147483647;
			files = (
				32FC63DC18FA29F100A71065 /* InfoPlist.strings in Resources */,
			);
			runOnlyForDeploymentPostprocessing = 0;
		};
/* End PBXResourcesBuildPhase section */

/* Begin PBXSourcesBuildPhase section */
		32FC63A218FA29F000A71065 /* Sources */ = {
			isa = PBXSourcesBuildPhase;
			buildActionMask = 2147483647;
			files = (
				32FC63E918FAE46F00A71065 /* MasterSecondViewController.m in Sources */,
				32CE6CEA1924ACF800799588 /* AnneAppDelegate.m in Sources */,
				3238353A18FB4DB00048A9B1 /* AnneCommunicator.m in Sources */,
				320300A3190E83D100CC7F70 /* JASidePanelController.m in Sources */,
				32CE6CEC1924ACF800799588 /* AnneViewController.m in Sources */,
				320300A4190E83D100CC7F70 /* UIViewController+JASidePanel.m in Sources */,
				3238353618FB4D3F0048A9B1 /* AnneManager.m in Sources */,
				320300B0190E840800CC7F70 /* JAAppDelegate.m in Sources */,
				32FC63C818FA29F100A71065 /* DetailViewController.m in Sources */,
				32CE6CF21924B4FC00799588 /* AnneSessionView.m in Sources */,
				32FC63C518FA29F100A71065 /* MasterViewController.m in Sources */,
				32CE6CEB1924ACF800799588 /* AnneMenuViewController.m in Sources */,
				32CE6CF11924B4FC00799588 /* AnneAirViewController.m in Sources */,
				320300B4190E840800CC7F70 /* JARightViewController.m in Sources */,
				3238353518FB4D3F0048A9B1 /* GroupBuilder.m in Sources */,
				320300B1190E840800CC7F70 /* JADebugViewController.m in Sources */,
				3238352C18FB23900048A9B1 /* anecdoteCell.m in Sources */,
				32FC63C218FA29F100A71065 /* Anne_DocTique.xcdatamodeld in Sources */,
				320300B3190E840800CC7F70 /* JALeftViewController.m in Sources */,
				32FC63BC18FA29F000A71065 /* AppDelegate.m in Sources */,
				32CE6CF51924B51B00799588 /* UIViewAdditions.m in Sources */,
				32FC63B818FA29F000A71065 /* main.m in Sources */,
				320300B2190E840800CC7F70 /* JACenterViewController.m in Sources */,
				3238352F18FB4A740048A9B1 /* Group.m in Sources */,
			);
			runOnlyForDeploymentPostprocessing = 0;
		};
		32FC63CB18FA29F100A71065 /* Sources */ = {
			isa = PBXSourcesBuildPhase;
			buildActionMask = 2147483647;
			files = (
				32FC63DE18FA29F100A71065 /* Anne_DocTiqueTests.m in Sources */,
			);
			runOnlyForDeploymentPostprocessing = 0;
		};
/* End PBXSourcesBuildPhase section */

/* Begin PBXTargetDependency section */
		32FC63D618FA29F100A71065 /* PBXTargetDependency */ = {
			isa = PBXTargetDependency;
			target = 32FC63A518FA29F000A71065 /* Anne&DocTique */;
			targetProxy = 32FC63D518FA29F100A71065 /* PBXContainerItemProxy */;
		};
/* End PBXTargetDependency section */

/* Begin PBXVariantGroup section */
		32FC63B418FA29F000A71065 /* InfoPlist.strings */ = {
			isa = PBXVariantGroup;
			children = (
				32FC63B518FA29F000A71065 /* en */,
			);
			name = InfoPlist.strings;
			sourceTree = "<group>";
		};
		32FC63BD18FA29F100A71065 /* Main.storyboard */ = {
			isa = PBXVariantGroup;
			children = (
				32FC63BE18FA29F100A71065 /* Base */,
			);
			name = Main.storyboard;
			sourceTree = "<group>";
		};
		32FC63DA18FA29F100A71065 /* InfoPlist.strings */ = {
			isa = PBXVariantGroup;
			children = (
				32FC63DB18FA29F100A71065 /* en */,
			);
			name = InfoPlist.strings;
			sourceTree = "<group>";
		};
/* End PBXVariantGroup section */

/* Begin XCBuildConfiguration section */
		32FC63DF18FA29F100A71065 /* Debug */ = {
			isa = XCBuildConfiguration;
			buildSettings = {
				ALWAYS_SEARCH_USER_PATHS = NO;
				CLANG_CXX_LANGUAGE_STANDARD = "gnu++0x";
				CLANG_CXX_LIBRARY = "libc++";
				CLANG_ENABLE_MODULES = YES;
				CLANG_ENABLE_OBJC_ARC = YES;
				CLANG_WARN_BOOL_CONVERSION = YES;
				CLANG_WARN_CONSTANT_CONVERSION = YES;
				CLANG_WARN_DIRECT_OBJC_ISA_USAGE = YES_ERROR;
				CLANG_WARN_EMPTY_BODY = YES;
				CLANG_WARN_ENUM_CONVERSION = YES;
				CLANG_WARN_INT_CONVERSION = YES;
				CLANG_WARN_OBJC_ROOT_CLASS = YES_ERROR;
				CLANG_WARN__DUPLICATE_METHOD_MATCH = YES;
				"CODE_SIGN_IDENTITY[sdk=iphoneos*]" = "iPhone Developer";
				COPY_PHASE_STRIP = NO;
				GCC_C_LANGUAGE_STANDARD = gnu99;
				GCC_DYNAMIC_NO_PIC = NO;
				GCC_OPTIMIZATION_LEVEL = 0;
				GCC_PREPROCESSOR_DEFINITIONS = (
					"DEBUG=1",
					"$(inherited)",
				);
				GCC_SYMBOLS_PRIVATE_EXTERN = NO;
				GCC_WARN_64_TO_32_BIT_CONVERSION = YES;
				GCC_WARN_ABOUT_RETURN_TYPE = YES_ERROR;
				GCC_WARN_UNDECLARED_SELECTOR = YES;
				GCC_WARN_UNINITIALIZED_AUTOS = YES_AGGRESSIVE;
				GCC_WARN_UNUSED_FUNCTION = YES;
				GCC_WARN_UNUSED_VARIABLE = YES;
				IPHONEOS_DEPLOYMENT_TARGET = 7.1;
				ONLY_ACTIVE_ARCH = YES;
				SDKROOT = iphoneos;
			};
			name = Debug;
		};
		32FC63E018FA29F100A71065 /* Release */ = {
			isa = XCBuildConfiguration;
			buildSettings = {
				ALWAYS_SEARCH_USER_PATHS = NO;
				CLANG_CXX_LANGUAGE_STANDARD = "gnu++0x";
				CLANG_CXX_LIBRARY = "libc++";
				CLANG_ENABLE_MODULES = YES;
				CLANG_ENABLE_OBJC_ARC = YES;
				CLANG_WARN_BOOL_CONVERSION = YES;
				CLANG_WARN_CONSTANT_CONVERSION = YES;
				CLANG_WARN_DIRECT_OBJC_ISA_USAGE = YES_ERROR;
				CLANG_WARN_EMPTY_BODY = YES;
				CLANG_WARN_ENUM_CONVERSION = YES;
				CLANG_WARN_INT_CONVERSION = YES;
				CLANG_WARN_OBJC_ROOT_CLASS = YES_ERROR;
				CLANG_WARN__DUPLICATE_METHOD_MATCH = YES;
				"CODE_SIGN_IDENTITY[sdk=iphoneos*]" = "iPhone Developer";
				COPY_PHASE_STRIP = YES;
				ENABLE_NS_ASSERTIONS = NO;
				GCC_C_LANGUAGE_STANDARD = gnu99;
				GCC_WARN_64_TO_32_BIT_CONVERSION = YES;
				GCC_WARN_ABOUT_RETURN_TYPE = YES_ERROR;
				GCC_WARN_UNDECLARED_SELECTOR = YES;
				GCC_WARN_UNINITIALIZED_AUTOS = YES_AGGRESSIVE;
				GCC_WARN_UNUSED_FUNCTION = YES;
				GCC_WARN_UNUSED_VARIABLE = YES;
				IPHONEOS_DEPLOYMENT_TARGET = 7.1;
				SDKROOT = iphoneos;
				VALIDATE_PRODUCT = YES;
			};
			name = Release;
		};
		32FC63E218FA29F100A71065 /* Debug */ = {
			isa = XCBuildConfiguration;
			buildSettings = {
				ASSETCATALOG_COMPILER_APPICON_NAME = AppIcon;
				ASSETCATALOG_COMPILER_LAUNCHIMAGE_NAME = LaunchImage;
				GCC_PRECOMPILE_PREFIX_HEADER = YES;
				GCC_PREFIX_HEADER = "Anne&DocTique/Anne&DocTique-Prefix.pch";
				INFOPLIST_FILE = "Anne&DocTique/Anne&DocTique-Info.plist";
				PRODUCT_NAME = "$(TARGET_NAME)";
				WRAPPER_EXTENSION = app;
			};
			name = Debug;
		};
		32FC63E318FA29F100A71065 /* Release */ = {
			isa = XCBuildConfiguration;
			buildSettings = {
				ASSETCATALOG_COMPILER_APPICON_NAME = AppIcon;
				ASSETCATALOG_COMPILER_LAUNCHIMAGE_NAME = LaunchImage;
				GCC_PRECOMPILE_PREFIX_HEADER = YES;
				GCC_PREFIX_HEADER = "Anne&DocTique/Anne&DocTique-Prefix.pch";
				INFOPLIST_FILE = "Anne&DocTique/Anne&DocTique-Info.plist";
				PRODUCT_NAME = "$(TARGET_NAME)";
				WRAPPER_EXTENSION = app;
			};
			name = Release;
		};
		32FC63E518FA29F100A71065 /* Debug */ = {
			isa = XCBuildConfiguration;
			buildSettings = {
				BUNDLE_LOADER = "$(BUILT_PRODUCTS_DIR)/Anne&DocTique.app/Anne&DocTique";
				FRAMEWORK_SEARCH_PATHS = (
					"$(SDKROOT)/Developer/Library/Frameworks",
					"$(inherited)",
					"$(DEVELOPER_FRAMEWORKS_DIR)",
				);
				GCC_PRECOMPILE_PREFIX_HEADER = YES;
				GCC_PREFIX_HEADER = "Anne&DocTique/Anne&DocTique-Prefix.pch";
				GCC_PREPROCESSOR_DEFINITIONS = (
					"DEBUG=1",
					"$(inherited)",
				);
				INFOPLIST_FILE = "Anne&DocTiqueTests/Anne&DocTiqueTests-Info.plist";
				PRODUCT_NAME = "$(TARGET_NAME)";
				TEST_HOST = "$(BUNDLE_LOADER)";
				WRAPPER_EXTENSION = xctest;
			};
			name = Debug;
		};
		32FC63E618FA29F100A71065 /* Release */ = {
			isa = XCBuildConfiguration;
			buildSettings = {
				BUNDLE_LOADER = "$(BUILT_PRODUCTS_DIR)/Anne&DocTique.app/Anne&DocTique";
				FRAMEWORK_SEARCH_PATHS = (
					"$(SDKROOT)/Developer/Library/Frameworks",
					"$(inherited)",
					"$(DEVELOPER_FRAMEWORKS_DIR)",
				);
				GCC_PRECOMPILE_PREFIX_HEADER = YES;
				GCC_PREFIX_HEADER = "Anne&DocTique/Anne&DocTique-Prefix.pch";
				INFOPLIST_FILE = "Anne&DocTiqueTests/Anne&DocTiqueTests-Info.plist";
				PRODUCT_NAME = "$(TARGET_NAME)";
				TEST_HOST = "$(BUNDLE_LOADER)";
				WRAPPER_EXTENSION = xctest;
			};
			name = Release;
		};
/* End XCBuildConfiguration section */

/* Begin XCConfigurationList section */
		32FC63A118FA29F000A71065 /* Build configuration list for PBXProject "Anne&DocTique" */ = {
			isa = XCConfigurationList;
			buildConfigurations = (
				32FC63DF18FA29F100A71065 /* Debug */,
				32FC63E018FA29F100A71065 /* Release */,
			);
			defaultConfigurationIsVisible = 0;
			defaultConfigurationName = Release;
		};
		32FC63E118FA29F100A71065 /* Build configuration list for PBXNativeTarget "Anne&DocTique" */ = {
			isa = XCConfigurationList;
			buildConfigurations = (
				32FC63E218FA29F100A71065 /* Debug */,
				32FC63E318FA29F100A71065 /* Release */,
			);
			defaultConfigurationIsVisible = 0;
			defaultConfigurationName = Release;
		};
		32FC63E418FA29F100A71065 /* Build configuration list for PBXNativeTarget "Anne&DocTiqueTests" */ = {
			isa = XCConfigurationList;
			buildConfigurations = (
				32FC63E518FA29F100A71065 /* Debug */,
				32FC63E618FA29F100A71065 /* Release */,
			);
			defaultConfigurationIsVisible = 0;
			defaultConfigurationName = Release;
		};
/* End XCConfigurationList section */

/* Begin XCVersionGroup section */
		32FC63C018FA29F100A71065 /* Anne_DocTique.xcdatamodeld */ = {
			isa = XCVersionGroup;
			children = (
				32FC63C118FA29F100A71065 /* Anne_DocTique.xcdatamodel */,
			);
			currentVersion = 32FC63C118FA29F100A71065 /* Anne_DocTique.xcdatamodel */;
			path = Anne_DocTique.xcdatamodeld;
			sourceTree = "<group>";
			versionGroupType = wrapper.xcdatamodel;
		};
/* End XCVersionGroup section */
	};
	rootObject = 32FC639E18FA29F000A71065 /* Project object */;
}
