// !$*UTF8*$!
{
	archiveVersion = 1;
	classes = {
	};
	objectVersion = 46;
	objects = {

/* Begin PBXBuildFile section */
		3298BBBE1955188F00BD0DC4 /* Foundation.framework in Frameworks */ = {isa = PBXBuildFile; fileRef = 3298BBBD1955188F00BD0DC4 /* Foundation.framework */; };
		3298BBC01955188F00BD0DC4 /* CoreGraphics.framework in Frameworks */ = {isa = PBXBuildFile; fileRef = 3298BBBF1955188F00BD0DC4 /* CoreGraphics.framework */; };
		3298BBC21955188F00BD0DC4 /* UIKit.framework in Frameworks */ = {isa = PBXBuildFile; fileRef = 3298BBC11955188F00BD0DC4 /* UIKit.framework */; };
		3298BBC41955188F00BD0DC4 /* CoreData.framework in Frameworks */ = {isa = PBXBuildFile; fileRef = 3298BBC31955188F00BD0DC4 /* CoreData.framework */; };
		3298BBCA1955188F00BD0DC4 /* InfoPlist.strings in Resources */ = {isa = PBXBuildFile; fileRef = 3298BBC81955188F00BD0DC4 /* InfoPlist.strings */; };
		3298BBCC1955188F00BD0DC4 /* main.m in Sources */ = {isa = PBXBuildFile; fileRef = 3298BBCB1955188F00BD0DC4 /* main.m */; };
		3298BBD01955188F00BD0DC4 /* AppDelegate.m in Sources */ = {isa = PBXBuildFile; fileRef = 3298BBCF1955188F00BD0DC4 /* AppDelegate.m */; };
		3298BBD31955188F00BD0DC4 /* Main.storyboard in Resources */ = {isa = PBXBuildFile; fileRef = 3298BBD11955188F00BD0DC4 /* Main.storyboard */; };
		3298BBD91955188F00BD0DC4 /* MasterViewController.m in Sources */ = {isa = PBXBuildFile; fileRef = 3298BBD81955188F00BD0DC4 /* MasterViewController.m */; };
		3298BBDC1955188F00BD0DC4 /* DetailViewController.m in Sources */ = {isa = PBXBuildFile; fileRef = 3298BBDB1955188F00BD0DC4 /* DetailViewController.m */; };
		3298BBDE1955188F00BD0DC4 /* Images.xcassets in Resources */ = {isa = PBXBuildFile; fileRef = 3298BBDD1955188F00BD0DC4 /* Images.xcassets */; };
		3298BBE51955189000BD0DC4 /* XCTest.framework in Frameworks */ = {isa = PBXBuildFile; fileRef = 3298BBE41955189000BD0DC4 /* XCTest.framework */; };
		3298BBE61955189000BD0DC4 /* Foundation.framework in Frameworks */ = {isa = PBXBuildFile; fileRef = 3298BBBD1955188F00BD0DC4 /* Foundation.framework */; };
		3298BBE71955189000BD0DC4 /* UIKit.framework in Frameworks */ = {isa = PBXBuildFile; fileRef = 3298BBC11955188F00BD0DC4 /* UIKit.framework */; };
		3298BBE81955189000BD0DC4 /* CoreData.framework in Frameworks */ = {isa = PBXBuildFile; fileRef = 3298BBC31955188F00BD0DC4 /* CoreData.framework */; };
		3298BBF01955189000BD0DC4 /* InfoPlist.strings in Resources */ = {isa = PBXBuildFile; fileRef = 3298BBEE1955189000BD0DC4 /* InfoPlist.strings */; };
		3298BBF21955189000BD0DC4 /* Anne4DoctiqueTests.m in Sources */ = {isa = PBXBuildFile; fileRef = 3298BBF11955189000BD0DC4 /* Anne4DoctiqueTests.m */; };
		3298BBFF19551A6500BD0DC4 /* AnneAirViewController.m in Sources */ = {isa = PBXBuildFile; fileRef = 3298BBFC19551A6500BD0DC4 /* AnneAirViewController.m */; };
		3298BC0019551A6500BD0DC4 /* AnneSessionView.m in Sources */ = {isa = PBXBuildFile; fileRef = 3298BBFE19551A6500BD0DC4 /* AnneSessionView.m */; };
		3298BC0319551A8200BD0DC4 /* UIViewAdditions.m in Sources */ = {isa = PBXBuildFile; fileRef = 3298BC0119551A8200BD0DC4 /* UIViewAdditions.m */; };
		3298BC091955243D00BD0DC4 /* AnneMenuViewController.m in Sources */ = {isa = PBXBuildFile; fileRef = 3298BC081955243D00BD0DC4 /* AnneMenuViewController.m */; };
		3298BC191958579D00BD0DC4 /* example.json in Resources */ = {isa = PBXBuildFile; fileRef = 3298BC151958579D00BD0DC4 /* example.json */; };
		3298BC1A1958579D00BD0DC4 /* exampleCNF.json in Resources */ = {isa = PBXBuildFile; fileRef = 3298BC161958579D00BD0DC4 /* exampleCNF.json */; };
		3298BC1B1958579D00BD0DC4 /* exampleDTC.json in Resources */ = {isa = PBXBuildFile; fileRef = 3298BC171958579D00BD0DC4 /* exampleDTC.json */; };
		3298BC1C1958579D00BD0DC4 /* exampleVDM.json in Resources */ = {isa = PBXBuildFile; fileRef = 3298BC181958579D00BD0DC4 /* exampleVDM.json */; };
		3298BC211958595E00BD0DC4 /* VDMEntryCell.m in Sources */ = {isa = PBXBuildFile; fileRef = 3298BC1F1958595E00BD0DC4 /* VDMEntryCell.m */; };
		3298BC221958595E00BD0DC4 /* VDMEntryCell.xib in Resources */ = {isa = PBXBuildFile; fileRef = 3298BC201958595E00BD0DC4 /* VDMEntryCell.xib */; };
		3298BC2519585F4B00BD0DC4 /* VDMEntry.m in Sources */ = {isa = PBXBuildFile; fileRef = 3298BC2419585F4B00BD0DC4 /* VDMEntry.m */; };
		3298BC2819586A9200BD0DC4 /* VDMEntryCellBackground.m in Sources */ = {isa = PBXBuildFile; fileRef = 3298BC2719586A9200BD0DC4 /* VDMEntryCellBackground.m */; };
		3298BC2E1959B11800BD0DC4 /* Anne4Doctique.xcdatamodeld in Sources */ = {isa = PBXBuildFile; fileRef = 3298BC2C1959B11800BD0DC4 /* Anne4Doctique.xcdatamodeld */; };
		3298BC31195A2E5000BD0DC4 /* Anecdoctique.xcdatamodeld in Sources */ = {isa = PBXBuildFile; fileRef = 3298BC2F195A2E5000BD0DC4 /* Anecdoctique.xcdatamodeld */; };
/* End PBXBuildFile section */

/* Begin PBXContainerItemProxy section */
		3298BBE91955189000BD0DC4 /* PBXContainerItemProxy */ = {
			isa = PBXContainerItemProxy;
			containerPortal = 3298BBB21955188F00BD0DC4 /* Project object */;
			proxyType = 1;
			remoteGlobalIDString = 3298BBB91955188F00BD0DC4;
			remoteInfo = Anne4Doctique;
		};
/* End PBXContainerItemProxy section */

/* Begin PBXFileReference section */
		3298BBBA1955188F00BD0DC4 /* Anne4Doctique.app */ = {isa = PBXFileReference; explicitFileType = wrapper.application; includeInIndex = 0; path = Anne4Doctique.app; sourceTree = BUILT_PRODUCTS_DIR; };
		3298BBBD1955188F00BD0DC4 /* Foundation.framework */ = {isa = PBXFileReference; lastKnownFileType = wrapper.framework; name = Foundation.framework; path = System/Library/Frameworks/Foundation.framework; sourceTree = SDKROOT; };
		3298BBBF1955188F00BD0DC4 /* CoreGraphics.framework */ = {isa = PBXFileReference; lastKnownFileType = wrapper.framework; name = CoreGraphics.framework; path = System/Library/Frameworks/CoreGraphics.framework; sourceTree = SDKROOT; };
		3298BBC11955188F00BD0DC4 /* UIKit.framework */ = {isa = PBXFileReference; lastKnownFileType = wrapper.framework; name = UIKit.framework; path = System/Library/Frameworks/UIKit.framework; sourceTree = SDKROOT; };
		3298BBC31955188F00BD0DC4 /* CoreData.framework */ = {isa = PBXFileReference; lastKnownFileType = wrapper.framework; name = CoreData.framework; path = System/Library/Frameworks/CoreData.framework; sourceTree = SDKROOT; };
		3298BBC71955188F00BD0DC4 /* Anne4Doctique-Info.plist */ = {isa = PBXFileReference; lastKnownFileType = text.plist.xml; path = "Anne4Doctique-Info.plist"; sourceTree = "<group>"; };
		3298BBC91955188F00BD0DC4 /* en */ = {isa = PBXFileReference; lastKnownFileType = text.plist.strings; name = en; path = en.lproj/InfoPlist.strings; sourceTree = "<group>"; };
		3298BBCB1955188F00BD0DC4 /* main.m */ = {isa = PBXFileReference; lastKnownFileType = sourcecode.c.objc; path = main.m; sourceTree = "<group>"; };
		3298BBCD1955188F00BD0DC4 /* Anne4Doctique-Prefix.pch */ = {isa = PBXFileReference; lastKnownFileType = sourcecode.c.h; path = "Anne4Doctique-Prefix.pch"; sourceTree = "<group>"; };
		3298BBCE1955188F00BD0DC4 /* AppDelegate.h */ = {isa = PBXFileReference; lastKnownFileType = sourcecode.c.h; path = AppDelegate.h; sourceTree = "<group>"; };
		3298BBCF1955188F00BD0DC4 /* AppDelegate.m */ = {isa = PBXFileReference; lastKnownFileType = sourcecode.c.objc; path = AppDelegate.m; sourceTree = "<group>"; };
		3298BBD21955188F00BD0DC4 /* Base */ = {isa = PBXFileReference; lastKnownFileType = file.storyboard; name = Base; path = Base.lproj/Main.storyboard; sourceTree = "<group>"; };
		3298BBD71955188F00BD0DC4 /* MasterViewController.h */ = {isa = PBXFileReference; lastKnownFileType = sourcecode.c.h; path = MasterViewController.h; sourceTree = "<group>"; };
		3298BBD81955188F00BD0DC4 /* MasterViewController.m */ = {isa = PBXFileReference; lastKnownFileType = sourcecode.c.objc; path = MasterViewController.m; sourceTree = "<group>"; };
		3298BBDA1955188F00BD0DC4 /* DetailViewController.h */ = {isa = PBXFileReference; lastKnownFileType = sourcecode.c.h; path = DetailViewController.h; sourceTree = "<group>"; };
		3298BBDB1955188F00BD0DC4 /* DetailViewController.m */ = {isa = PBXFileReference; lastKnownFileType = sourcecode.c.objc; path = DetailViewController.m; sourceTree = "<group>"; };
		3298BBDD1955188F00BD0DC4 /* Images.xcassets */ = {isa = PBXFileReference; lastKnownFileType = folder.assetcatalog; path = Images.xcassets; sourceTree = "<group>"; };
		3298BBE31955189000BD0DC4 /* Anne4DoctiqueTests.xctest */ = {isa = PBXFileReference; explicitFileType = wrapper.cfbundle; includeInIndex = 0; path = Anne4DoctiqueTests.xctest; sourceTree = BUILT_PRODUCTS_DIR; };
		3298BBE41955189000BD0DC4 /* XCTest.framework */ = {isa = PBXFileReference; lastKnownFileType = wrapper.framework; name = XCTest.framework; path = Library/Frameworks/XCTest.framework; sourceTree = DEVELOPER_DIR; };
		3298BBED1955189000BD0DC4 /* Anne4DoctiqueTests-Info.plist */ = {isa = PBXFileReference; lastKnownFileType = text.plist.xml; path = "Anne4DoctiqueTests-Info.plist"; sourceTree = "<group>"; };
		3298BBEF1955189000BD0DC4 /* en */ = {isa = PBXFileReference; lastKnownFileType = text.plist.strings; name = en; path = en.lproj/InfoPlist.strings; sourceTree = "<group>"; };
		3298BBF11955189000BD0DC4 /* Anne4DoctiqueTests.m */ = {isa = PBXFileReference; lastKnownFileType = sourcecode.c.objc; path = Anne4DoctiqueTests.m; sourceTree = "<group>"; };
		3298BBFB19551A6500BD0DC4 /* AnneAirViewController.h */ = {isa = PBXFileReference; fileEncoding = 4; lastKnownFileType = sourcecode.c.h; path = AnneAirViewController.h; sourceTree = "<group>"; };
		3298BBFC19551A6500BD0DC4 /* AnneAirViewController.m */ = {isa = PBXFileReference; fileEncoding = 4; lastKnownFileType = sourcecode.c.objc; path = AnneAirViewController.m; sourceTree = "<group>"; };
		3298BBFD19551A6500BD0DC4 /* AnneSessionView.h */ = {isa = PBXFileReference; fileEncoding = 4; lastKnownFileType = sourcecode.c.h; path = AnneSessionView.h; sourceTree = "<group>"; };
		3298BBFE19551A6500BD0DC4 /* AnneSessionView.m */ = {isa = PBXFileReference; fileEncoding = 4; lastKnownFileType = sourcecode.c.objc; path = AnneSessionView.m; sourceTree = "<group>"; };
		3298BC0119551A8200BD0DC4 /* UIViewAdditions.m */ = {isa = PBXFileReference; fileEncoding = 4; lastKnownFileType = sourcecode.c.objc; path = UIViewAdditions.m; sourceTree = "<group>"; };
		3298BC0219551A8200BD0DC4 /* UIViewAdditions.h */ = {isa = PBXFileReference; fileEncoding = 4; lastKnownFileType = sourcecode.c.h; path = UIViewAdditions.h; sourceTree = "<group>"; };
		3298BC071955243D00BD0DC4 /* AnneMenuViewController.h */ = {isa = PBXFileReference; fileEncoding = 4; lastKnownFileType = sourcecode.c.h; path = AnneMenuViewController.h; sourceTree = "<group>"; };
		3298BC081955243D00BD0DC4 /* AnneMenuViewController.m */ = {isa = PBXFileReference; fileEncoding = 4; lastKnownFileType = sourcecode.c.objc; path = AnneMenuViewController.m; sourceTree = "<group>"; };
		3298BC0B1955342F00BD0DC4 /* CFNetwork.framework */ = {isa = PBXFileReference; lastKnownFileType = wrapper.framework; name = CFNetwork.framework; path = System/Library/Frameworks/CFNetwork.framework; sourceTree = SDKROOT; };
		3298BC0D1955344A00BD0DC4 /* QuartzCore.framework */ = {isa = PBXFileReference; lastKnownFileType = wrapper.framework; name = QuartzCore.framework; path = System/Library/Frameworks/QuartzCore.framework; sourceTree = SDKROOT; };
		3298BC0F1955346200BD0DC4 /* MobileCoreServices.framework */ = {isa = PBXFileReference; lastKnownFileType = wrapper.framework; name = MobileCoreServices.framework; path = System/Library/Frameworks/MobileCoreServices.framework; sourceTree = SDKROOT; };
		3298BC11195534BC00BD0DC4 /* libz.dylib */ = {isa = PBXFileReference; lastKnownFileType = "compiled.mach-o.dylib"; name = libz.dylib; path = usr/lib/libz.dylib; sourceTree = SDKROOT; };
		3298BC13195534D000BD0DC4 /* SystemConfiguration.framework */ = {isa = PBXFileReference; lastKnownFileType = wrapper.framework; name = SystemConfiguration.framework; path = System/Library/Frameworks/SystemConfiguration.framework; sourceTree = SDKROOT; };
		3298BC151958579D00BD0DC4 /* example.json */ = {isa = PBXFileReference; fileEncoding = 4; lastKnownFileType = text.json; path = example.json; sourceTree = "<group>"; };
		3298BC161958579D00BD0DC4 /* exampleCNF.json */ = {isa = PBXFileReference; fileEncoding = 4; lastKnownFileType = text.json; path = exampleCNF.json; sourceTree = "<group>"; };
		3298BC171958579D00BD0DC4 /* exampleDTC.json */ = {isa = PBXFileReference; fileEncoding = 4; lastKnownFileType = text.json; path = exampleDTC.json; sourceTree = "<group>"; };
		3298BC181958579D00BD0DC4 /* exampleVDM.json */ = {isa = PBXFileReference; fileEncoding = 4; lastKnownFileType = text.json; path = exampleVDM.json; sourceTree = "<group>"; };
		3298BC1E1958595E00BD0DC4 /* VDMEntryCell.h */ = {isa = PBXFileReference; fileEncoding = 4; lastKnownFileType = sourcecode.c.h; path = VDMEntryCell.h; sourceTree = "<group>"; };
		3298BC1F1958595E00BD0DC4 /* VDMEntryCell.m */ = {isa = PBXFileReference; fileEncoding = 4; lastKnownFileType = sourcecode.c.objc; path = VDMEntryCell.m; sourceTree = "<group>"; };
		3298BC201958595E00BD0DC4 /* VDMEntryCell.xib */ = {isa = PBXFileReference; fileEncoding = 4; lastKnownFileType = file.xib; path = VDMEntryCell.xib; sourceTree = "<group>"; };
		3298BC2319585F4B00BD0DC4 /* VDMEntry.h */ = {isa = PBXFileReference; fileEncoding = 4; lastKnownFileType = sourcecode.c.h; path = VDMEntry.h; sourceTree = "<group>"; };
		3298BC2419585F4B00BD0DC4 /* VDMEntry.m */ = {isa = PBXFileReference; fileEncoding = 4; lastKnownFileType = sourcecode.c.objc; path = VDMEntry.m; sourceTree = "<group>"; };
		3298BC2619586A9200BD0DC4 /* VDMEntryCellBackground.h */ = {isa = PBXFileReference; fileEncoding = 4; lastKnownFileType = sourcecode.c.h; path = VDMEntryCellBackground.h; sourceTree = "<group>"; };
		3298BC2719586A9200BD0DC4 /* VDMEntryCellBackground.m */ = {isa = PBXFileReference; fileEncoding = 4; lastKnownFileType = sourcecode.c.objc; path = VDMEntryCellBackground.m; sourceTree = "<group>"; };
		3298BC2D1959B11800BD0DC4 /* Anne4Doctique.xcdatamodel */ = {isa = PBXFileReference; lastKnownFileType = wrapper.xcdatamodel; path = Anne4Doctique.xcdatamodel; sourceTree = "<group>"; };
		3298BC30195A2E5000BD0DC4 /* Anecdoctique.xcdatamodel */ = {isa = PBXFileReference; lastKnownFileType = wrapper.xcdatamodel; path = Anecdoctique.xcdatamodel; sourceTree = "<group>"; };
/* End PBXFileReference section */

/* Begin PBXFrameworksBuildPhase section */
		3298BBB71955188F00BD0DC4 /* Frameworks */ = {
			isa = PBXFrameworksBuildPhase;
			buildActionMask = 2147483647;
			files = (
				3298BBC01955188F00BD0DC4 /* CoreGraphics.framework in Frameworks */,
				3298BBC41955188F00BD0DC4 /* CoreData.framework in Frameworks */,
				3298BBC21955188F00BD0DC4 /* UIKit.framework in Frameworks */,
				3298BBBE1955188F00BD0DC4 /* Foundation.framework in Frameworks */,
			);
			runOnlyForDeploymentPostprocessing = 0;
		};
		3298BBE01955189000BD0DC4 /* Frameworks */ = {
			isa = PBXFrameworksBuildPhase;
			buildActionMask = 2147483647;
			files = (
				3298BBE51955189000BD0DC4 /* XCTest.framework in Frameworks */,
				3298BBE81955189000BD0DC4 /* CoreData.framework in Frameworks */,
				3298BBE71955189000BD0DC4 /* UIKit.framework in Frameworks */,
				3298BBE61955189000BD0DC4 /* Foundation.framework in Frameworks */,
			);
			runOnlyForDeploymentPostprocessing = 0;
		};
/* End PBXFrameworksBuildPhase section */

/* Begin PBXGroup section */
		3298BBB11955188F00BD0DC4 = {
			isa = PBXGroup;
			children = (
				3298BBC51955188F00BD0DC4 /* Anne4Doctique */,
				3298BBEB1955189000BD0DC4 /* Anne4DoctiqueTests */,
				3298BBBC1955188F00BD0DC4 /* Frameworks */,
				3298BBBB1955188F00BD0DC4 /* Products */,
			);
			sourceTree = "<group>";
		};
		3298BBBB1955188F00BD0DC4 /* Products */ = {
			isa = PBXGroup;
			children = (
				3298BBBA1955188F00BD0DC4 /* Anne4Doctique.app */,
				3298BBE31955189000BD0DC4 /* Anne4DoctiqueTests.xctest */,
			);
			name = Products;
			sourceTree = "<group>";
		};
		3298BBBC1955188F00BD0DC4 /* Frameworks */ = {
			isa = PBXGroup;
			children = (
				3298BC13195534D000BD0DC4 /* SystemConfiguration.framework */,
				3298BC11195534BC00BD0DC4 /* libz.dylib */,
				3298BC0F1955346200BD0DC4 /* MobileCoreServices.framework */,
				3298BC0D1955344A00BD0DC4 /* QuartzCore.framework */,
				3298BC0B1955342F00BD0DC4 /* CFNetwork.framework */,
				3298BBBD1955188F00BD0DC4 /* Foundation.framework */,
				3298BBBF1955188F00BD0DC4 /* CoreGraphics.framework */,
				3298BBC11955188F00BD0DC4 /* UIKit.framework */,
				3298BBC31955188F00BD0DC4 /* CoreData.framework */,
				3298BBE41955189000BD0DC4 /* XCTest.framework */,
			);
			name = Frameworks;
			sourceTree = "<group>";
		};
		3298BBC51955188F00BD0DC4 /* Anne4Doctique */ = {
			isa = PBXGroup;
			children = (
				3298BBCE1955188F00BD0DC4 /* AppDelegate.h */,
				3298BBCF1955188F00BD0DC4 /* AppDelegate.m */,
				3298BBD11955188F00BD0DC4 /* Main.storyboard */,
				3298BC1D1958594000BD0DC4 /* MasterDetail */,
				3298BC0A19552BE100BD0DC4 /* MenuAir */,
				3298BBDD1955188F00BD0DC4 /* Images.xcassets */,
				3298BC2319585F4B00BD0DC4 /* VDMEntry.h */,
				3298BC2419585F4B00BD0DC4 /* VDMEntry.m */,
				3298BC2619586A9200BD0DC4 /* VDMEntryCellBackground.h */,
				3298BC2719586A9200BD0DC4 /* VDMEntryCellBackground.m */,
				3298BC1E1958595E00BD0DC4 /* VDMEntryCell.h */,
				3298BC1F1958595E00BD0DC4 /* VDMEntryCell.m */,
				3298BC201958595E00BD0DC4 /* VDMEntryCell.xib */,
				3298BC2C1959B11800BD0DC4 /* Anne4Doctique.xcdatamodeld */,
				3298BC2F195A2E5000BD0DC4 /* Anecdoctique.xcdatamodeld */,
				3298BC151958579D00BD0DC4 /* example.json */,
				3298BC161958579D00BD0DC4 /* exampleCNF.json */,
				3298BC171958579D00BD0DC4 /* exampleDTC.json */,
				3298BC181958579D00BD0DC4 /* exampleVDM.json */,
				3298BBC61955188F00BD0DC4 /* Supporting Files */,
			);
			path = Anne4Doctique;
			sourceTree = "<group>";
		};
		3298BBC61955188F00BD0DC4 /* Supporting Files */ = {
			isa = PBXGroup;
			children = (
				3298BBC71955188F00BD0DC4 /* Anne4Doctique-Info.plist */,
				3298BBC81955188F00BD0DC4 /* InfoPlist.strings */,
				3298BBCB1955188F00BD0DC4 /* main.m */,
				3298BBCD1955188F00BD0DC4 /* Anne4Doctique-Prefix.pch */,
			);
			name = "Supporting Files";
			sourceTree = "<group>";
		};
		3298BBEB1955189000BD0DC4 /* Anne4DoctiqueTests */ = {
			isa = PBXGroup;
			children = (
				3298BBF11955189000BD0DC4 /* Anne4DoctiqueTests.m */,
				3298BBEC1955189000BD0DC4 /* Supporting Files */,
			);
			path = Anne4DoctiqueTests;
			sourceTree = "<group>";
		};
		3298BBEC1955189000BD0DC4 /* Supporting Files */ = {
			isa = PBXGroup;
			children = (
				3298BBED1955189000BD0DC4 /* Anne4DoctiqueTests-Info.plist */,
				3298BBEE1955189000BD0DC4 /* InfoPlist.strings */,
			);
			name = "Supporting Files";
			sourceTree = "<group>";
		};
		3298BC0419551D9A00BD0DC4 /* KNAdditions */ = {
			isa = PBXGroup;
			children = (
				3298BC0119551A8200BD0DC4 /* UIViewAdditions.m */,
				3298BC0219551A8200BD0DC4 /* UIViewAdditions.h */,
			);
			name = KNAdditions;
			sourceTree = "<group>";
		};
		3298BC0519551DA800BD0DC4 /* Library */ = {
			isa = PBXGroup;
			children = (
				3298BC0419551D9A00BD0DC4 /* KNAdditions */,
			);
			name = Library;
			sourceTree = "<group>";
		};
		3298BC0619551DBB00BD0DC4 /* Source */ = {
			isa = PBXGroup;
			children = (
				3298BBFB19551A6500BD0DC4 /* AnneAirViewController.h */,
				3298BBFC19551A6500BD0DC4 /* AnneAirViewController.m */,
				3298BBFD19551A6500BD0DC4 /* AnneSessionView.h */,
				3298BBFE19551A6500BD0DC4 /* AnneSessionView.m */,
			);
			name = Source;
			sourceTree = "<group>";
		};
		3298BC0A19552BE100BD0DC4 /* MenuAir */ = {
			isa = PBXGroup;
			children = (
				3298BC0519551DA800BD0DC4 /* Library */,
				3298BC0619551DBB00BD0DC4 /* Source */,
				3298BC071955243D00BD0DC4 /* AnneMenuViewController.h */,
				3298BC081955243D00BD0DC4 /* AnneMenuViewController.m */,
			);
			name = MenuAir;
			sourceTree = "<group>";
		};
		3298BC1D1958594000BD0DC4 /* MasterDetail */ = {
			isa = PBXGroup;
			children = (
				3298BBD71955188F00BD0DC4 /* MasterViewController.h */,
				3298BBD81955188F00BD0DC4 /* MasterViewController.m */,
				3298BBDA1955188F00BD0DC4 /* DetailViewController.h */,
				3298BBDB1955188F00BD0DC4 /* DetailViewController.m */,
			);
			name = MasterDetail;
			sourceTree = "<group>";
		};
/* End PBXGroup section */

/* Begin PBXNativeTarget section */
		3298BBB91955188F00BD0DC4 /* Anne4Doctique */ = {
			isa = PBXNativeTarget;
			buildConfigurationList = 3298BBF51955189000BD0DC4 /* Build configuration list for PBXNativeTarget "Anne4Doctique" */;
			buildPhases = (
				3298BBB61955188F00BD0DC4 /* Sources */,
				3298BBB71955188F00BD0DC4 /* Frameworks */,
				3298BBB81955188F00BD0DC4 /* Resources */,
			);
			buildRules = (
			);
			dependencies = (
			);
			name = Anne4Doctique;
			productName = Anne4Doctique;
			productReference = 3298BBBA1955188F00BD0DC4 /* Anne4Doctique.app */;
			productType = "com.apple.product-type.application";
		};
		3298BBE21955189000BD0DC4 /* Anne4DoctiqueTests */ = {
			isa = PBXNativeTarget;
			buildConfigurationList = 3298BBF81955189000BD0DC4 /* Build configuration list for PBXNativeTarget "Anne4DoctiqueTests" */;
			buildPhases = (
				3298BBDF1955189000BD0DC4 /* Sources */,
				3298BBE01955189000BD0DC4 /* Frameworks */,
				3298BBE11955189000BD0DC4 /* Resources */,
			);
			buildRules = (
			);
			dependencies = (
				3298BBEA1955189000BD0DC4 /* PBXTargetDependency */,
			);
			name = Anne4DoctiqueTests;
			productName = Anne4DoctiqueTests;
			productReference = 3298BBE31955189000BD0DC4 /* Anne4DoctiqueTests.xctest */;
			productType = "com.apple.product-type.bundle.unit-test";
		};
/* End PBXNativeTarget section */

/* Begin PBXProject section */
		3298BBB21955188F00BD0DC4 /* Project object */ = {
			isa = PBXProject;
			attributes = {
				LastUpgradeCheck = 0510;
				ORGANIZATIONNAME = Lionel;
				TargetAttributes = {
					3298BBE21955189000BD0DC4 = {
						TestTargetID = 3298BBB91955188F00BD0DC4;
					};
				};
			};
			buildConfigurationList = 3298BBB51955188F00BD0DC4 /* Build configuration list for PBXProject "Anne4Doctique" */;
			compatibilityVersion = "Xcode 3.2";
			developmentRegion = English;
			hasScannedForEncodings = 0;
			knownRegions = (
				en,
				Base,
			);
			mainGroup = 3298BBB11955188F00BD0DC4;
			productRefGroup = 3298BBBB1955188F00BD0DC4 /* Products */;
			projectDirPath = "";
			projectRoot = "";
			targets = (
				3298BBB91955188F00BD0DC4 /* Anne4Doctique */,
				3298BBE21955189000BD0DC4 /* Anne4DoctiqueTests */,
			);
		};
/* End PBXProject section */

/* Begin PBXResourcesBuildPhase section */
		3298BBB81955188F00BD0DC4 /* Resources */ = {
			isa = PBXResourcesBuildPhase;
			buildActionMask = 2147483647;
			files = (
				3298BC191958579D00BD0DC4 /* example.json in Resources */,
				3298BC1C1958579D00BD0DC4 /* exampleVDM.json in Resources */,
				3298BC221958595E00BD0DC4 /* VDMEntryCell.xib in Resources */,
				3298BBDE1955188F00BD0DC4 /* Images.xcassets in Resources */,
				3298BC1B1958579D00BD0DC4 /* exampleDTC.json in Resources */,
				3298BBCA1955188F00BD0DC4 /* InfoPlist.strings in Resources */,
				3298BBD31955188F00BD0DC4 /* Main.storyboard in Resources */,
				3298BC1A1958579D00BD0DC4 /* exampleCNF.json in Resources */,
			);
			runOnlyForDeploymentPostprocessing = 0;
		};
		3298BBE11955189000BD0DC4 /* Resources */ = {
			isa = PBXResourcesBuildPhase;
			buildActionMask = 2147483647;
			files = (
				3298BBF01955189000BD0DC4 /* InfoPlist.strings in Resources */,
			);
			runOnlyForDeploymentPostprocessing = 0;
		};
/* End PBXResourcesBuildPhase section */

/* Begin PBXSourcesBuildPhase section */
		3298BBB61955188F00BD0DC4 /* Sources */ = {
			isa = PBXSourcesBuildPhase;
			buildActionMask = 2147483647;
			files = (
				3298BBDC1955188F00BD0DC4 /* DetailViewController.m in Sources */,
				3298BBFF19551A6500BD0DC4 /* AnneAirViewController.m in Sources */,
				3298BC2519585F4B00BD0DC4 /* VDMEntry.m in Sources */,
				3298BC091955243D00BD0DC4 /* AnneMenuViewController.m in Sources */,
				3298BC2819586A9200BD0DC4 /* VDMEntryCellBackground.m in Sources */,
				3298BBD91955188F00BD0DC4 /* MasterViewController.m in Sources */,
				3298BC31195A2E5000BD0DC4 /* Anecdoctique.xcdatamodeld in Sources */,
				3298BBD01955188F00BD0DC4 /* AppDelegate.m in Sources */,
				3298BC0319551A8200BD0DC4 /* UIViewAdditions.m in Sources */,
				3298BC211958595E00BD0DC4 /* VDMEntryCell.m in Sources */,
				3298BC0019551A6500BD0DC4 /* AnneSessionView.m in Sources */,
				3298BC2E1959B11800BD0DC4 /* Anne4Doctique.xcdatamodeld in Sources */,
				3298BBCC1955188F00BD0DC4 /* main.m in Sources */,
			);
			runOnlyForDeploymentPostprocessing = 0;
		};
		3298BBDF1955189000BD0DC4 /* Sources */ = {
			isa = PBXSourcesBuildPhase;
			buildActionMask = 2147483647;
			files = (
				3298BBF21955189000BD0DC4 /* Anne4DoctiqueTests.m in Sources */,
			);
			runOnlyForDeploymentPostprocessing = 0;
		};
/* End PBXSourcesBuildPhase section */

/* Begin PBXTargetDependency section */
		3298BBEA1955189000BD0DC4 /* PBXTargetDependency */ = {
			isa = PBXTargetDependency;
			target = 3298BBB91955188F00BD0DC4 /* Anne4Doctique */;
			targetProxy = 3298BBE91955189000BD0DC4 /* PBXContainerItemProxy */;
		};
/* End PBXTargetDependency section */

/* Begin PBXVariantGroup section */
		3298BBC81955188F00BD0DC4 /* InfoPlist.strings */ = {
			isa = PBXVariantGroup;
			children = (
				3298BBC91955188F00BD0DC4 /* en */,
			);
			name = InfoPlist.strings;
			sourceTree = "<group>";
		};
		3298BBD11955188F00BD0DC4 /* Main.storyboard */ = {
			isa = PBXVariantGroup;
			children = (
				3298BBD21955188F00BD0DC4 /* Base */,
			);
			name = Main.storyboard;
			sourceTree = "<group>";
		};
		3298BBEE1955189000BD0DC4 /* InfoPlist.strings */ = {
			isa = PBXVariantGroup;
			children = (
				3298BBEF1955189000BD0DC4 /* en */,
			);
			name = InfoPlist.strings;
			sourceTree = "<group>";
		};
/* End PBXVariantGroup section */

/* Begin XCBuildConfiguration section */
		3298BBF31955189000BD0DC4 /* Debug */ = {
			isa = XCBuildConfiguration;
			buildSettings = {
				ALWAYS_SEARCH_USER_PATHS = NO;
				CLANG_CXX_LANGUAGE_STANDARD = "gnu++0x";
				CLANG_CXX_LIBRARY = "libc++";
				CLANG_ENABLE_MODULES = YES;
				CLANG_ENABLE_OBJC_ARC = YES;
				CLANG_WARN_BOOL_CONVERSION = YES;
				CLANG_WARN_CONSTANT_CONVERSION = YES;
				CLANG_WARN_DIRECT_OBJC_ISA_USAGE = YES_ERROR;
				CLANG_WARN_EMPTY_BODY = YES;
				CLANG_WARN_ENUM_CONVERSION = YES;
				CLANG_WARN_INT_CONVERSION = YES;
				CLANG_WARN_OBJC_ROOT_CLASS = YES_ERROR;
				CLANG_WARN__DUPLICATE_METHOD_MATCH = YES;
				"CODE_SIGN_IDENTITY[sdk=iphoneos*]" = "iPhone Developer";
				COPY_PHASE_STRIP = NO;
				GCC_C_LANGUAGE_STANDARD = gnu99;
				GCC_DYNAMIC_NO_PIC = NO;
				GCC_OPTIMIZATION_LEVEL = 0;
				GCC_PREPROCESSOR_DEFINITIONS = (
					"DEBUG=1",
					"$(inherited)",
				);
				GCC_SYMBOLS_PRIVATE_EXTERN = NO;
				GCC_WARN_64_TO_32_BIT_CONVERSION = YES;
				GCC_WARN_ABOUT_RETURN_TYPE = YES_ERROR;
				GCC_WARN_UNDECLARED_SELECTOR = YES;
				GCC_WARN_UNINITIALIZED_AUTOS = YES_AGGRESSIVE;
				GCC_WARN_UNUSED_FUNCTION = YES;
				GCC_WARN_UNUSED_VARIABLE = YES;
				IPHONEOS_DEPLOYMENT_TARGET = 7.1;
				ONLY_ACTIVE_ARCH = YES;
				SDKROOT = iphoneos;
			};
			name = Debug;
		};
		3298BBF41955189000BD0DC4 /* Release */ = {
			isa = XCBuildConfiguration;
			buildSettings = {
				ALWAYS_SEARCH_USER_PATHS = NO;
				CLANG_CXX_LANGUAGE_STANDARD = "gnu++0x";
				CLANG_CXX_LIBRARY = "libc++";
				CLANG_ENABLE_MODULES = YES;
				CLANG_ENABLE_OBJC_ARC = YES;
				CLANG_WARN_BOOL_CONVERSION = YES;
				CLANG_WARN_CONSTANT_CONVERSION = YES;
				CLANG_WARN_DIRECT_OBJC_ISA_USAGE = YES_ERROR;
				CLANG_WARN_EMPTY_BODY = YES;
				CLANG_WARN_ENUM_CONVERSION = YES;
				CLANG_WARN_INT_CONVERSION = YES;
				CLANG_WARN_OBJC_ROOT_CLASS = YES_ERROR;
				CLANG_WARN__DUPLICATE_METHOD_MATCH = YES;
				"CODE_SIGN_IDENTITY[sdk=iphoneos*]" = "iPhone Developer";
				COPY_PHASE_STRIP = YES;
				ENABLE_NS_ASSERTIONS = NO;
				GCC_C_LANGUAGE_STANDARD = gnu99;
				GCC_WARN_64_TO_32_BIT_CONVERSION = YES;
				GCC_WARN_ABOUT_RETURN_TYPE = YES_ERROR;
				GCC_WARN_UNDECLARED_SELECTOR = YES;
				GCC_WARN_UNINITIALIZED_AUTOS = YES_AGGRESSIVE;
				GCC_WARN_UNUSED_FUNCTION = YES;
				GCC_WARN_UNUSED_VARIABLE = YES;
				IPHONEOS_DEPLOYMENT_TARGET = 7.1;
				SDKROOT = iphoneos;
				VALIDATE_PRODUCT = YES;
			};
			name = Release;
		};
		3298BBF61955189000BD0DC4 /* Debug */ = {
			isa = XCBuildConfiguration;
			buildSettings = {
				ASSETCATALOG_COMPILER_APPICON_NAME = AppIcon;
				ASSETCATALOG_COMPILER_LAUNCHIMAGE_NAME = LaunchImage;
				GCC_PRECOMPILE_PREFIX_HEADER = YES;
				GCC_PREFIX_HEADER = "Anne4Doctique/Anne4Doctique-Prefix.pch";
				INFOPLIST_FILE = "Anne4Doctique/Anne4Doctique-Info.plist";
				PRODUCT_NAME = "$(TARGET_NAME)";
				WRAPPER_EXTENSION = app;
			};
			name = Debug;
		};
		3298BBF71955189000BD0DC4 /* Release */ = {
			isa = XCBuildConfiguration;
			buildSettings = {
				ASSETCATALOG_COMPILER_APPICON_NAME = AppIcon;
				ASSETCATALOG_COMPILER_LAUNCHIMAGE_NAME = LaunchImage;
				GCC_PRECOMPILE_PREFIX_HEADER = YES;
				GCC_PREFIX_HEADER = "Anne4Doctique/Anne4Doctique-Prefix.pch";
				INFOPLIST_FILE = "Anne4Doctique/Anne4Doctique-Info.plist";
				PRODUCT_NAME = "$(TARGET_NAME)";
				WRAPPER_EXTENSION = app;
			};
			name = Release;
		};
		3298BBF91955189000BD0DC4 /* Debug */ = {
			isa = XCBuildConfiguration;
			buildSettings = {
				BUNDLE_LOADER = "$(BUILT_PRODUCTS_DIR)/Anne4Doctique.app/Anne4Doctique";
				FRAMEWORK_SEARCH_PATHS = (
					"$(SDKROOT)/Developer/Library/Frameworks",
					"$(inherited)",
					"$(DEVELOPER_FRAMEWORKS_DIR)",
				);
				GCC_PRECOMPILE_PREFIX_HEADER = YES;
				GCC_PREFIX_HEADER = "Anne4Doctique/Anne4Doctique-Prefix.pch";
				GCC_PREPROCESSOR_DEFINITIONS = (
					"DEBUG=1",
					"$(inherited)",
				);
				INFOPLIST_FILE = "Anne4DoctiqueTests/Anne4DoctiqueTests-Info.plist";
				PRODUCT_NAME = "$(TARGET_NAME)";
				TEST_HOST = "$(BUNDLE_LOADER)";
				WRAPPER_EXTENSION = xctest;
			};
			name = Debug;
		};
		3298BBFA1955189000BD0DC4 /* Release */ = {
			isa = XCBuildConfiguration;
			buildSettings = {
				BUNDLE_LOADER = "$(BUILT_PRODUCTS_DIR)/Anne4Doctique.app/Anne4Doctique";
				FRAMEWORK_SEARCH_PATHS = (
					"$(SDKROOT)/Developer/Library/Frameworks",
					"$(inherited)",
					"$(DEVELOPER_FRAMEWORKS_DIR)",
				);
				GCC_PRECOMPILE_PREFIX_HEADER = YES;
				GCC_PREFIX_HEADER = "Anne4Doctique/Anne4Doctique-Prefix.pch";
				INFOPLIST_FILE = "Anne4DoctiqueTests/Anne4DoctiqueTests-Info.plist";
				PRODUCT_NAME = "$(TARGET_NAME)";
				TEST_HOST = "$(BUNDLE_LOADER)";
				WRAPPER_EXTENSION = xctest;
			};
			name = Release;
		};
/* End XCBuildConfiguration section */

/* Begin XCConfigurationList section */
		3298BBB51955188F00BD0DC4 /* Build configuration list for PBXProject "Anne4Doctique" */ = {
			isa = XCConfigurationList;
			buildConfigurations = (
				3298BBF31955189000BD0DC4 /* Debug */,
				3298BBF41955189000BD0DC4 /* Release */,
			);
			defaultConfigurationIsVisible = 0;
			defaultConfigurationName = Release;
		};
		3298BBF51955189000BD0DC4 /* Build configuration list for PBXNativeTarget "Anne4Doctique" */ = {
			isa = XCConfigurationList;
			buildConfigurations = (
				3298BBF61955189000BD0DC4 /* Debug */,
				3298BBF71955189000BD0DC4 /* Release */,
			);
			defaultConfigurationIsVisible = 0;
		};
		3298BBF81955189000BD0DC4 /* Build configuration list for PBXNativeTarget "Anne4DoctiqueTests" */ = {
			isa = XCConfigurationList;
			buildConfigurations = (
				3298BBF91955189000BD0DC4 /* Debug */,
				3298BBFA1955189000BD0DC4 /* Release */,
			);
			defaultConfigurationIsVisible = 0;
		};
/* End XCConfigurationList section */

/* Begin XCVersionGroup section */
		3298BC2C1959B11800BD0DC4 /* Anne4Doctique.xcdatamodeld */ = {
			isa = XCVersionGroup;
			children = (
				3298BC2D1959B11800BD0DC4 /* Anne4Doctique.xcdatamodel */,
			);
			currentVersion = 3298BC2D1959B11800BD0DC4 /* Anne4Doctique.xcdatamodel */;
			path = Anne4Doctique.xcdatamodeld;
			sourceTree = "<group>";
			versionGroupType = wrapper.xcdatamodel;
		};
		3298BC2F195A2E5000BD0DC4 /* Anecdoctique.xcdatamodeld */ = {
			isa = XCVersionGroup;
			children = (
				3298BC30195A2E5000BD0DC4 /* Anecdoctique.xcdatamodel */,
			);
			currentVersion = 3298BC30195A2E5000BD0DC4 /* Anecdoctique.xcdatamodel */;
			path = Anecdoctique.xcdatamodeld;
			sourceTree = "<group>";
			versionGroupType = wrapper.xcdatamodel;
		};
/* End XCVersionGroup section */
	};
	rootObject = 3298BBB21955188F00BD0DC4 /* Project object */;
}
