// !$*UTF8*$!
{
	archiveVersion = 1;
	classes = {
	};
	objectVersion = 46;
	objects = {

/* Begin PBXBuildFile section */
		3298BB641952516800BD0DC4 /* Foundation.framework in Frameworks */ = {isa = PBXBuildFile; fileRef = 3298BB631952516800BD0DC4 /* Foundation.framework */; };
		3298BB661952516800BD0DC4 /* CoreGraphics.framework in Frameworks */ = {isa = PBXBuildFile; fileRef = 3298BB651952516800BD0DC4 /* CoreGraphics.framework */; };
		3298BB681952516800BD0DC4 /* UIKit.framework in Frameworks */ = {isa = PBXBuildFile; fileRef = 3298BB671952516800BD0DC4 /* UIKit.framework */; };
		3298BB6A1952516800BD0DC4 /* CoreData.framework in Frameworks */ = {isa = PBXBuildFile; fileRef = 3298BB691952516800BD0DC4 /* CoreData.framework */; };
		3298BB701952516800BD0DC4 /* InfoPlist.strings in Resources */ = {isa = PBXBuildFile; fileRef = 3298BB6E1952516800BD0DC4 /* InfoPlist.strings */; };
		3298BB721952516800BD0DC4 /* main.m in Sources */ = {isa = PBXBuildFile; fileRef = 3298BB711952516800BD0DC4 /* main.m */; };
		3298BB761952516800BD0DC4 /* AnneAppDelegate.m in Sources */ = {isa = PBXBuildFile; fileRef = 3298BB751952516800BD0DC4 /* AnneAppDelegate.m */; };
		3298BB791952516800BD0DC4 /* Anne3Doctique.xcdatamodeld in Sources */ = {isa = PBXBuildFile; fileRef = 3298BB771952516800BD0DC4 /* Anne3Doctique.xcdatamodeld */; };
		3298BB7B1952516800BD0DC4 /* Images.xcassets in Resources */ = {isa = PBXBuildFile; fileRef = 3298BB7A1952516800BD0DC4 /* Images.xcassets */; };
		3298BB821952516900BD0DC4 /* XCTest.framework in Frameworks */ = {isa = PBXBuildFile; fileRef = 3298BB811952516800BD0DC4 /* XCTest.framework */; };
		3298BB831952516900BD0DC4 /* Foundation.framework in Frameworks */ = {isa = PBXBuildFile; fileRef = 3298BB631952516800BD0DC4 /* Foundation.framework */; };
		3298BB841952516900BD0DC4 /* UIKit.framework in Frameworks */ = {isa = PBXBuildFile; fileRef = 3298BB671952516800BD0DC4 /* UIKit.framework */; };
		3298BB851952516900BD0DC4 /* CoreData.framework in Frameworks */ = {isa = PBXBuildFile; fileRef = 3298BB691952516800BD0DC4 /* CoreData.framework */; };
		3298BB8D1952516900BD0DC4 /* InfoPlist.strings in Resources */ = {isa = PBXBuildFile; fileRef = 3298BB8B1952516900BD0DC4 /* InfoPlist.strings */; };
		3298BB8F1952516900BD0DC4 /* Anne3DoctiqueTests.m in Sources */ = {isa = PBXBuildFile; fileRef = 3298BB8E1952516900BD0DC4 /* Anne3DoctiqueTests.m */; };
		3298BB9C1952540D00BD0DC4 /* AnneViewController.m in Sources */ = {isa = PBXBuildFile; fileRef = 3298BB991952540D00BD0DC4 /* AnneViewController.m */; };
		3298BB9D1952540D00BD0DC4 /* AnneMenuViewController.m in Sources */ = {isa = PBXBuildFile; fileRef = 3298BB9B1952540D00BD0DC4 /* AnneMenuViewController.m */; };
		3298BBA21952541F00BD0DC4 /* AnneAirViewController.m in Sources */ = {isa = PBXBuildFile; fileRef = 3298BB9F1952541F00BD0DC4 /* AnneAirViewController.m */; };
		3298BBA31952541F00BD0DC4 /* AnneSessionView.m in Sources */ = {isa = PBXBuildFile; fileRef = 3298BBA11952541F00BD0DC4 /* AnneSessionView.m */; };
		3298BBA71952546500BD0DC4 /* UIViewAdditions.m in Sources */ = {isa = PBXBuildFile; fileRef = 3298BBA61952546500BD0DC4 /* UIViewAdditions.m */; };
/* End PBXBuildFile section */

/* Begin PBXContainerItemProxy section */
		3298BB861952516900BD0DC4 /* PBXContainerItemProxy */ = {
			isa = PBXContainerItemProxy;
			containerPortal = 3298BB581952516800BD0DC4 /* Project object */;
			proxyType = 1;
			remoteGlobalIDString = 3298BB5F1952516800BD0DC4;
			remoteInfo = Anne3Doctique;
		};
/* End PBXContainerItemProxy section */

/* Begin PBXFileReference section */
		3298BB601952516800BD0DC4 /* Anne3Doctique.app */ = {isa = PBXFileReference; explicitFileType = wrapper.application; includeInIndex = 0; path = Anne3Doctique.app; sourceTree = BUILT_PRODUCTS_DIR; };
		3298BB631952516800BD0DC4 /* Foundation.framework */ = {isa = PBXFileReference; lastKnownFileType = wrapper.framework; name = Foundation.framework; path = System/Library/Frameworks/Foundation.framework; sourceTree = SDKROOT; };
		3298BB651952516800BD0DC4 /* CoreGraphics.framework */ = {isa = PBXFileReference; lastKnownFileType = wrapper.framework; name = CoreGraphics.framework; path = System/Library/Frameworks/CoreGraphics.framework; sourceTree = SDKROOT; };
		3298BB671952516800BD0DC4 /* UIKit.framework */ = {isa = PBXFileReference; lastKnownFileType = wrapper.framework; name = UIKit.framework; path = System/Library/Frameworks/UIKit.framework; sourceTree = SDKROOT; };
		3298BB691952516800BD0DC4 /* CoreData.framework */ = {isa = PBXFileReference; lastKnownFileType = wrapper.framework; name = CoreData.framework; path = System/Library/Frameworks/CoreData.framework; sourceTree = SDKROOT; };
		3298BB6D1952516800BD0DC4 /* Anne3Doctique-Info.plist */ = {isa = PBXFileReference; lastKnownFileType = text.plist.xml; path = "Anne3Doctique-Info.plist"; sourceTree = "<group>"; };
		3298BB6F1952516800BD0DC4 /* en */ = {isa = PBXFileReference; lastKnownFileType = text.plist.strings; name = en; path = en.lproj/InfoPlist.strings; sourceTree = "<group>"; };
		3298BB711952516800BD0DC4 /* main.m */ = {isa = PBXFileReference; lastKnownFileType = sourcecode.c.objc; path = main.m; sourceTree = "<group>"; };
		3298BB731952516800BD0DC4 /* Anne3Doctique-Prefix.pch */ = {isa = PBXFileReference; lastKnownFileType = sourcecode.c.h; path = "Anne3Doctique-Prefix.pch"; sourceTree = "<group>"; };
		3298BB741952516800BD0DC4 /* AnneAppDelegate.h */ = {isa = PBXFileReference; lastKnownFileType = sourcecode.c.h; path = AnneAppDelegate.h; sourceTree = "<group>"; };
		3298BB751952516800BD0DC4 /* AnneAppDelegate.m */ = {isa = PBXFileReference; lastKnownFileType = sourcecode.c.objc; path = AnneAppDelegate.m; sourceTree = "<group>"; };
		3298BB781952516800BD0DC4 /* Anne3Doctique.xcdatamodel */ = {isa = PBXFileReference; lastKnownFileType = wrapper.xcdatamodel; path = Anne3Doctique.xcdatamodel; sourceTree = "<group>"; };
		3298BB7A1952516800BD0DC4 /* Images.xcassets */ = {isa = PBXFileReference; lastKnownFileType = folder.assetcatalog; path = Images.xcassets; sourceTree = "<group>"; };
		3298BB801952516800BD0DC4 /* Anne3DoctiqueTests.xctest */ = {isa = PBXFileReference; explicitFileType = wrapper.cfbundle; includeInIndex = 0; path = Anne3DoctiqueTests.xctest; sourceTree = BUILT_PRODUCTS_DIR; };
		3298BB811952516800BD0DC4 /* XCTest.framework */ = {isa = PBXFileReference; lastKnownFileType = wrapper.framework; name = XCTest.framework; path = Library/Frameworks/XCTest.framework; sourceTree = DEVELOPER_DIR; };
		3298BB8A1952516900BD0DC4 /* Anne3DoctiqueTests-Info.plist */ = {isa = PBXFileReference; lastKnownFileType = text.plist.xml; path = "Anne3DoctiqueTests-Info.plist"; sourceTree = "<group>"; };
		3298BB8C1952516900BD0DC4 /* en */ = {isa = PBXFileReference; lastKnownFileType = text.plist.strings; name = en; path = en.lproj/InfoPlist.strings; sourceTree = "<group>"; };
		3298BB8E1952516900BD0DC4 /* Anne3DoctiqueTests.m */ = {isa = PBXFileReference; lastKnownFileType = sourcecode.c.objc; path = Anne3DoctiqueTests.m; sourceTree = "<group>"; };
		3298BB981952540D00BD0DC4 /* AnneViewController.h */ = {isa = PBXFileReference; fileEncoding = 4; lastKnownFileType = sourcecode.c.h; path = AnneViewController.h; sourceTree = "<group>"; };
		3298BB991952540D00BD0DC4 /* AnneViewController.m */ = {isa = PBXFileReference; fileEncoding = 4; lastKnownFileType = sourcecode.c.objc; path = AnneViewController.m; sourceTree = "<group>"; };
		3298BB9A1952540D00BD0DC4 /* AnneMenuViewController.h */ = {isa = PBXFileReference; fileEncoding = 4; lastKnownFileType = sourcecode.c.h; path = AnneMenuViewController.h; sourceTree = "<group>"; };
		3298BB9B1952540D00BD0DC4 /* AnneMenuViewController.m */ = {isa = PBXFileReference; fileEncoding = 4; lastKnownFileType = sourcecode.c.objc; path = AnneMenuViewController.m; sourceTree = "<group>"; };
		3298BB9E1952541F00BD0DC4 /* AnneAirViewController.h */ = {isa = PBXFileReference; fileEncoding = 4; lastKnownFileType = sourcecode.c.h; path = AnneAirViewController.h; sourceTree = "<group>"; };
		3298BB9F1952541F00BD0DC4 /* AnneAirViewController.m */ = {isa = PBXFileReference; fileEncoding = 4; lastKnownFileType = sourcecode.c.objc; path = AnneAirViewController.m; sourceTree = "<group>"; };
		3298BBA01952541F00BD0DC4 /* AnneSessionView.h */ = {isa = PBXFileReference; fileEncoding = 4; lastKnownFileType = sourcecode.c.h; path = AnneSessionView.h; sourceTree = "<group>"; };
		3298BBA11952541F00BD0DC4 /* AnneSessionView.m */ = {isa = PBXFileReference; fileEncoding = 4; lastKnownFileType = sourcecode.c.objc; path = AnneSessionView.m; sourceTree = "<group>"; };
		3298BBA51952546500BD0DC4 /* UIViewAdditions.h */ = {isa = PBXFileReference; fileEncoding = 4; lastKnownFileType = sourcecode.c.h; path = UIViewAdditions.h; sourceTree = "<group>"; };
		3298BBA61952546500BD0DC4 /* UIViewAdditions.m */ = {isa = PBXFileReference; fileEncoding = 4; lastKnownFileType = sourcecode.c.objc; path = UIViewAdditions.m; sourceTree = "<group>"; };
/* End PBXFileReference section */

/* Begin PBXFrameworksBuildPhase section */
		3298BB5D1952516800BD0DC4 /* Frameworks */ = {
			isa = PBXFrameworksBuildPhase;
			buildActionMask = 2147483647;
			files = (
				3298BB661952516800BD0DC4 /* CoreGraphics.framework in Frameworks */,
				3298BB6A1952516800BD0DC4 /* CoreData.framework in Frameworks */,
				3298BB681952516800BD0DC4 /* UIKit.framework in Frameworks */,
				3298BB641952516800BD0DC4 /* Foundation.framework in Frameworks */,
			);
			runOnlyForDeploymentPostprocessing = 0;
		};
		3298BB7D1952516800BD0DC4 /* Frameworks */ = {
			isa = PBXFrameworksBuildPhase;
			buildActionMask = 2147483647;
			files = (
				3298BB821952516900BD0DC4 /* XCTest.framework in Frameworks */,
				3298BB851952516900BD0DC4 /* CoreData.framework in Frameworks */,
				3298BB841952516900BD0DC4 /* UIKit.framework in Frameworks */,
				3298BB831952516900BD0DC4 /* Foundation.framework in Frameworks */,
			);
			runOnlyForDeploymentPostprocessing = 0;
		};
/* End PBXFrameworksBuildPhase section */

/* Begin PBXGroup section */
		3298BB571952516800BD0DC4 = {
			isa = PBXGroup;
			children = (
				3298BB6B1952516800BD0DC4 /* Anne3Doctique */,
				3298BB881952516900BD0DC4 /* Anne3DoctiqueTests */,
				3298BB621952516800BD0DC4 /* Frameworks */,
				3298BB611952516800BD0DC4 /* Products */,
			);
			sourceTree = "<group>";
		};
		3298BB611952516800BD0DC4 /* Products */ = {
			isa = PBXGroup;
			children = (
				3298BB601952516800BD0DC4 /* Anne3Doctique.app */,
				3298BB801952516800BD0DC4 /* Anne3DoctiqueTests.xctest */,
			);
			name = Products;
			sourceTree = "<group>";
		};
		3298BB621952516800BD0DC4 /* Frameworks */ = {
			isa = PBXGroup;
			children = (
				3298BB631952516800BD0DC4 /* Foundation.framework */,
				3298BB651952516800BD0DC4 /* CoreGraphics.framework */,
				3298BB671952516800BD0DC4 /* UIKit.framework */,
				3298BB691952516800BD0DC4 /* CoreData.framework */,
				3298BB811952516800BD0DC4 /* XCTest.framework */,
			);
			name = Frameworks;
			sourceTree = "<group>";
		};
		3298BB6B1952516800BD0DC4 /* Anne3Doctique */ = {
			isa = PBXGroup;
			children = (
				3298BBA41952544600BD0DC4 /* Source */,
				3298BB741952516800BD0DC4 /* AnneAppDelegate.h */,
				3298BB751952516800BD0DC4 /* AnneAppDelegate.m */,
				3298BB981952540D00BD0DC4 /* AnneViewController.h */,
				3298BB991952540D00BD0DC4 /* AnneViewController.m */,
				3298BB9A1952540D00BD0DC4 /* AnneMenuViewController.h */,
				3298BB9B1952540D00BD0DC4 /* AnneMenuViewController.m */,
				3298BBA81952546C00BD0DC4 /* Library */,
				3298BB7A1952516800BD0DC4 /* Images.xcassets */,
				3298BB771952516800BD0DC4 /* Anne3Doctique.xcdatamodeld */,
				3298BB6C1952516800BD0DC4 /* Supporting Files */,
			);
			path = Anne3Doctique;
			sourceTree = "<group>";
		};
		3298BB6C1952516800BD0DC4 /* Supporting Files */ = {
			isa = PBXGroup;
			children = (
				3298BB6D1952516800BD0DC4 /* Anne3Doctique-Info.plist */,
				3298BB6E1952516800BD0DC4 /* InfoPlist.strings */,
				3298BB711952516800BD0DC4 /* main.m */,
				3298BB731952516800BD0DC4 /* Anne3Doctique-Prefix.pch */,
			);
			name = "Supporting Files";
			sourceTree = "<group>";
		};
		3298BB881952516900BD0DC4 /* Anne3DoctiqueTests */ = {
			isa = PBXGroup;
			children = (
				3298BB8E1952516900BD0DC4 /* Anne3DoctiqueTests.m */,
				3298BB891952516900BD0DC4 /* Supporting Files */,
			);
			path = Anne3DoctiqueTests;
			sourceTree = "<group>";
		};
		3298BB891952516900BD0DC4 /* Supporting Files */ = {
			isa = PBXGroup;
			children = (
				3298BB8A1952516900BD0DC4 /* Anne3DoctiqueTests-Info.plist */,
				3298BB8B1952516900BD0DC4 /* InfoPlist.strings */,
			);
			name = "Supporting Files";
			sourceTree = "<group>";
		};
		3298BBA41952544600BD0DC4 /* Source */ = {
			isa = PBXGroup;
			children = (
				3298BB9E1952541F00BD0DC4 /* AnneAirViewController.h */,
				3298BB9F1952541F00BD0DC4 /* AnneAirViewController.m */,
				3298BBA01952541F00BD0DC4 /* AnneSessionView.h */,
				3298BBA11952541F00BD0DC4 /* AnneSessionView.m */,
			);
			name = Source;
			sourceTree = "<group>";
		};
		3298BBA81952546C00BD0DC4 /* Library */ = {
			isa = PBXGroup;
			children = (
				3298BBA91952549200BD0DC4 /* KNAdditions */,
			);
			name = Library;
			sourceTree = "<group>";
		};
		3298BBA91952549200BD0DC4 /* KNAdditions */ = {
			isa = PBXGroup;
			children = (
				3298BBA61952546500BD0DC4 /* UIViewAdditions.m */,
				3298BBA51952546500BD0DC4 /* UIViewAdditions.h */,
			);
			name = KNAdditions;
			sourceTree = "<group>";
		};
/* End PBXGroup section */

/* Begin PBXNativeTarget section */
		3298BB5F1952516800BD0DC4 /* Anne3Doctique */ = {
			isa = PBXNativeTarget;
			buildConfigurationList = 3298BB921952516900BD0DC4 /* Build configuration list for PBXNativeTarget "Anne3Doctique" */;
			buildPhases = (
				3298BB5C1952516800BD0DC4 /* Sources */,
				3298BB5D1952516800BD0DC4 /* Frameworks */,
				3298BB5E1952516800BD0DC4 /* Resources */,
			);
			buildRules = (
			);
			dependencies = (
			);
			name = Anne3Doctique;
			productName = Anne3Doctique;
			productReference = 3298BB601952516800BD0DC4 /* Anne3Doctique.app */;
			productType = "com.apple.product-type.application";
		};
		3298BB7F1952516800BD0DC4 /* Anne3DoctiqueTests */ = {
			isa = PBXNativeTarget;
			buildConfigurationList = 3298BB951952516900BD0DC4 /* Build configuration list for PBXNativeTarget "Anne3DoctiqueTests" */;
			buildPhases = (
				3298BB7C1952516800BD0DC4 /* Sources */,
				3298BB7D1952516800BD0DC4 /* Frameworks */,
				3298BB7E1952516800BD0DC4 /* Resources */,
			);
			buildRules = (
			);
			dependencies = (
				3298BB871952516900BD0DC4 /* PBXTargetDependency */,
			);
			name = Anne3DoctiqueTests;
			productName = Anne3DoctiqueTests;
			productReference = 3298BB801952516800BD0DC4 /* Anne3DoctiqueTests.xctest */;
			productType = "com.apple.product-type.bundle.unit-test";
		};
/* End PBXNativeTarget section */

/* Begin PBXProject section */
		3298BB581952516800BD0DC4 /* Project object */ = {
			isa = PBXProject;
			attributes = {
				LastUpgradeCheck = 0510;
				ORGANIZATIONNAME = Lionel;
				TargetAttributes = {
					3298BB7F1952516800BD0DC4 = {
						TestTargetID = 3298BB5F1952516800BD0DC4;
					};
				};
			};
			buildConfigurationList = 3298BB5B1952516800BD0DC4 /* Build configuration list for PBXProject "Anne3Doctique" */;
			compatibilityVersion = "Xcode 3.2";
			developmentRegion = English;
			hasScannedForEncodings = 0;
			knownRegions = (
				en,
			);
			mainGroup = 3298BB571952516800BD0DC4;
			productRefGroup = 3298BB611952516800BD0DC4 /* Products */;
			projectDirPath = "";
			projectRoot = "";
			targets = (
				3298BB5F1952516800BD0DC4 /* Anne3Doctique */,
				3298BB7F1952516800BD0DC4 /* Anne3DoctiqueTests */,
			);
		};
/* End PBXProject section */

/* Begin PBXResourcesBuildPhase section */
		3298BB5E1952516800BD0DC4 /* Resources */ = {
			isa = PBXResourcesBuildPhase;
			buildActionMask = 2147483647;
			files = (
				3298BB701952516800BD0DC4 /* InfoPlist.strings in Resources */,
				3298BB7B1952516800BD0DC4 /* Images.xcassets in Resources */,
			);
			runOnlyForDeploymentPostprocessing = 0;
		};
		3298BB7E1952516800BD0DC4 /* Resources */ = {
			isa = PBXResourcesBuildPhase;
			buildActionMask = 2147483647;
			files = (
				3298BB8D1952516900BD0DC4 /* InfoPlist.strings in Resources */,
			);
			runOnlyForDeploymentPostprocessing = 0;
		};
/* End PBXResourcesBuildPhase section */

/* Begin PBXSourcesBuildPhase section */
		3298BB5C1952516800BD0DC4 /* Sources */ = {
			isa = PBXSourcesBuildPhase;
			buildActionMask = 2147483647;
			files = (
				3298BB9C1952540D00BD0DC4 /* AnneViewController.m in Sources */,
				3298BBA21952541F00BD0DC4 /* AnneAirViewController.m in Sources */,
				3298BB761952516800BD0DC4 /* AnneAppDelegate.m in Sources */,
				3298BB721952516800BD0DC4 /* main.m in Sources */,
				3298BBA71952546500BD0DC4 /* UIViewAdditions.m in Sources */,
				3298BBA31952541F00BD0DC4 /* AnneSessionView.m in Sources */,
				3298BB791952516800BD0DC4 /* Anne3Doctique.xcdatamodeld in Sources */,
				3298BB9D1952540D00BD0DC4 /* AnneMenuViewController.m in Sources */,
			);
			runOnlyForDeploymentPostprocessing = 0;
		};
		3298BB7C1952516800BD0DC4 /* Sources */ = {
			isa = PBXSourcesBuildPhase;
			buildActionMask = 2147483647;
			files = (
				3298BB8F1952516900BD0DC4 /* Anne3DoctiqueTests.m in Sources */,
			);
			runOnlyForDeploymentPostprocessing = 0;
		};
/* End PBXSourcesBuildPhase section */

/* Begin PBXTargetDependency section */
		3298BB871952516900BD0DC4 /* PBXTargetDependency */ = {
			isa = PBXTargetDependency;
			target = 3298BB5F1952516800BD0DC4 /* Anne3Doctique */;
			targetProxy = 3298BB861952516900BD0DC4 /* PBXContainerItemProxy */;
		};
/* End PBXTargetDependency section */

/* Begin PBXVariantGroup section */
		3298BB6E1952516800BD0DC4 /* InfoPlist.strings */ = {
			isa = PBXVariantGroup;
			children = (
				3298BB6F1952516800BD0DC4 /* en */,
			);
			name = InfoPlist.strings;
			sourceTree = "<group>";
		};
		3298BB8B1952516900BD0DC4 /* InfoPlist.strings */ = {
			isa = PBXVariantGroup;
			children = (
				3298BB8C1952516900BD0DC4 /* en */,
			);
			name = InfoPlist.strings;
			sourceTree = "<group>";
		};
/* End PBXVariantGroup section */

/* Begin XCBuildConfiguration section */
		3298BB901952516900BD0DC4 /* Debug */ = {
			isa = XCBuildConfiguration;
			buildSettings = {
				ALWAYS_SEARCH_USER_PATHS = NO;
				CLANG_CXX_LANGUAGE_STANDARD = "gnu++0x";
				CLANG_CXX_LIBRARY = "libc++";
				CLANG_ENABLE_MODULES = YES;
				CLANG_ENABLE_OBJC_ARC = YES;
				CLANG_WARN_BOOL_CONVERSION = YES;
				CLANG_WARN_CONSTANT_CONVERSION = YES;
				CLANG_WARN_DIRECT_OBJC_ISA_USAGE = YES_ERROR;
				CLANG_WARN_EMPTY_BODY = YES;
				CLANG_WARN_ENUM_CONVERSION = YES;
				CLANG_WARN_INT_CONVERSION = YES;
				CLANG_WARN_OBJC_ROOT_CLASS = YES_ERROR;
				CLANG_WARN__DUPLICATE_METHOD_MATCH = YES;
				"CODE_SIGN_IDENTITY[sdk=iphoneos*]" = "iPhone Developer";
				COPY_PHASE_STRIP = NO;
				GCC_C_LANGUAGE_STANDARD = gnu99;
				GCC_DYNAMIC_NO_PIC = NO;
				GCC_OPTIMIZATION_LEVEL = 0;
				GCC_PREPROCESSOR_DEFINITIONS = (
					"DEBUG=1",
					"$(inherited)",
				);
				GCC_SYMBOLS_PRIVATE_EXTERN = NO;
				GCC_WARN_64_TO_32_BIT_CONVERSION = YES;
				GCC_WARN_ABOUT_RETURN_TYPE = YES_ERROR;
				GCC_WARN_UNDECLARED_SELECTOR = YES;
				GCC_WARN_UNINITIALIZED_AUTOS = YES_AGGRESSIVE;
				GCC_WARN_UNUSED_FUNCTION = YES;
				GCC_WARN_UNUSED_VARIABLE = YES;
				IPHONEOS_DEPLOYMENT_TARGET = 7.1;
				ONLY_ACTIVE_ARCH = YES;
				SDKROOT = iphoneos;
			};
			name = Debug;
		};
		3298BB911952516900BD0DC4 /* Release */ = {
			isa = XCBuildConfiguration;
			buildSettings = {
				ALWAYS_SEARCH_USER_PATHS = NO;
				CLANG_CXX_LANGUAGE_STANDARD = "gnu++0x";
				CLANG_CXX_LIBRARY = "libc++";
				CLANG_ENABLE_MODULES = YES;
				CLANG_ENABLE_OBJC_ARC = YES;
				CLANG_WARN_BOOL_CONVERSION = YES;
				CLANG_WARN_CONSTANT_CONVERSION = YES;
				CLANG_WARN_DIRECT_OBJC_ISA_USAGE = YES_ERROR;
				CLANG_WARN_EMPTY_BODY = YES;
				CLANG_WARN_ENUM_CONVERSION = YES;
				CLANG_WARN_INT_CONVERSION = YES;
				CLANG_WARN_OBJC_ROOT_CLASS = YES_ERROR;
				CLANG_WARN__DUPLICATE_METHOD_MATCH = YES;
				"CODE_SIGN_IDENTITY[sdk=iphoneos*]" = "iPhone Developer";
				COPY_PHASE_STRIP = YES;
				ENABLE_NS_ASSERTIONS = NO;
				GCC_C_LANGUAGE_STANDARD = gnu99;
				GCC_WARN_64_TO_32_BIT_CONVERSION = YES;
				GCC_WARN_ABOUT_RETURN_TYPE = YES_ERROR;
				GCC_WARN_UNDECLARED_SELECTOR = YES;
				GCC_WARN_UNINITIALIZED_AUTOS = YES_AGGRESSIVE;
				GCC_WARN_UNUSED_FUNCTION = YES;
				GCC_WARN_UNUSED_VARIABLE = YES;
				IPHONEOS_DEPLOYMENT_TARGET = 7.1;
				SDKROOT = iphoneos;
				VALIDATE_PRODUCT = YES;
			};
			name = Release;
		};
		3298BB931952516900BD0DC4 /* Debug */ = {
			isa = XCBuildConfiguration;
			buildSettings = {
				ASSETCATALOG_COMPILER_APPICON_NAME = AppIcon;
				ASSETCATALOG_COMPILER_LAUNCHIMAGE_NAME = LaunchImage;
				GCC_PRECOMPILE_PREFIX_HEADER = YES;
				GCC_PREFIX_HEADER = "Anne3Doctique/Anne3Doctique-Prefix.pch";
				INFOPLIST_FILE = "Anne3Doctique/Anne3Doctique-Info.plist";
				PRODUCT_NAME = "$(TARGET_NAME)";
				WRAPPER_EXTENSION = app;
			};
			name = Debug;
		};
		3298BB941952516900BD0DC4 /* Release */ = {
			isa = XCBuildConfiguration;
			buildSettings = {
				ASSETCATALOG_COMPILER_APPICON_NAME = AppIcon;
				ASSETCATALOG_COMPILER_LAUNCHIMAGE_NAME = LaunchImage;
				GCC_PRECOMPILE_PREFIX_HEADER = YES;
				GCC_PREFIX_HEADER = "Anne3Doctique/Anne3Doctique-Prefix.pch";
				INFOPLIST_FILE = "Anne3Doctique/Anne3Doctique-Info.plist";
				PRODUCT_NAME = "$(TARGET_NAME)";
				WRAPPER_EXTENSION = app;
			};
			name = Release;
		};
		3298BB961952516900BD0DC4 /* Debug */ = {
			isa = XCBuildConfiguration;
			buildSettings = {
				BUNDLE_LOADER = "$(BUILT_PRODUCTS_DIR)/Anne3Doctique.app/Anne3Doctique";
				FRAMEWORK_SEARCH_PATHS = (
					"$(SDKROOT)/Developer/Library/Frameworks",
					"$(inherited)",
					"$(DEVELOPER_FRAMEWORKS_DIR)",
				);
				GCC_PRECOMPILE_PREFIX_HEADER = YES;
				GCC_PREFIX_HEADER = "Anne3Doctique/Anne3Doctique-Prefix.pch";
				GCC_PREPROCESSOR_DEFINITIONS = (
					"DEBUG=1",
					"$(inherited)",
				);
				INFOPLIST_FILE = "Anne3DoctiqueTests/Anne3DoctiqueTests-Info.plist";
				PRODUCT_NAME = "$(TARGET_NAME)";
				TEST_HOST = "$(BUNDLE_LOADER)";
				WRAPPER_EXTENSION = xctest;
			};
			name = Debug;
		};
		3298BB971952516900BD0DC4 /* Release */ = {
			isa = XCBuildConfiguration;
			buildSettings = {
				BUNDLE_LOADER = "$(BUILT_PRODUCTS_DIR)/Anne3Doctique.app/Anne3Doctique";
				FRAMEWORK_SEARCH_PATHS = (
					"$(SDKROOT)/Developer/Library/Frameworks",
					"$(inherited)",
					"$(DEVELOPER_FRAMEWORKS_DIR)",
				);
				GCC_PRECOMPILE_PREFIX_HEADER = YES;
				GCC_PREFIX_HEADER = "Anne3Doctique/Anne3Doctique-Prefix.pch";
				INFOPLIST_FILE = "Anne3DoctiqueTests/Anne3DoctiqueTests-Info.plist";
				PRODUCT_NAME = "$(TARGET_NAME)";
				TEST_HOST = "$(BUNDLE_LOADER)";
				WRAPPER_EXTENSION = xctest;
			};
			name = Release;
		};
/* End XCBuildConfiguration section */

/* Begin XCConfigurationList section */
		3298BB5B1952516800BD0DC4 /* Build configuration list for PBXProject "Anne3Doctique" */ = {
			isa = XCConfigurationList;
			buildConfigurations = (
				3298BB901952516900BD0DC4 /* Debug */,
				3298BB911952516900BD0DC4 /* Release */,
			);
			defaultConfigurationIsVisible = 0;
			defaultConfigurationName = Release;
		};
		3298BB921952516900BD0DC4 /* Build configuration list for PBXNativeTarget "Anne3Doctique" */ = {
			isa = XCConfigurationList;
			buildConfigurations = (
				3298BB931952516900BD0DC4 /* Debug */,
				3298BB941952516900BD0DC4 /* Release */,
			);
			defaultConfigurationIsVisible = 0;
		};
		3298BB951952516900BD0DC4 /* Build configuration list for PBXNativeTarget "Anne3DoctiqueTests" */ = {
			isa = XCConfigurationList;
			buildConfigurations = (
				3298BB961952516900BD0DC4 /* Debug */,
				3298BB971952516900BD0DC4 /* Release */,
			);
			defaultConfigurationIsVisible = 0;
		};
/* End XCConfigurationList section */

/* Begin XCVersionGroup section */
		3298BB771952516800BD0DC4 /* Anne3Doctique.xcdatamodeld */ = {
			isa = XCVersionGroup;
			children = (
				3298BB781952516800BD0DC4 /* Anne3Doctique.xcdatamodel */,
			);
			currentVersion = 3298BB781952516800BD0DC4 /* Anne3Doctique.xcdatamodel */;
			path = Anne3Doctique.xcdatamodeld;
			sourceTree = "<group>";
			versionGroupType = wrapper.xcdatamodel;
		};
/* End XCVersionGroup section */
	};
	rootObject = 3298BB581952516800BD0DC4 /* Project object */;
}
