// !$*UTF8*$!
{
	archiveVersion = 1;
	classes = {
	};
	objectVersion = 46;
	objects = {

/* Begin PBXBuildFile section */
		32FDCB6D19355C13001C1F75 /* Foundation.framework in Frameworks */ = {isa = PBXBuildFile; fileRef = 32FDCB6C19355C13001C1F75 /* Foundation.framework */; };
		32FDCB6F19355C13001C1F75 /* CoreGraphics.framework in Frameworks */ = {isa = PBXBuildFile; fileRef = 32FDCB6E19355C13001C1F75 /* CoreGraphics.framework */; };
		32FDCB7119355C13001C1F75 /* UIKit.framework in Frameworks */ = {isa = PBXBuildFile; fileRef = 32FDCB7019355C13001C1F75 /* UIKit.framework */; };
		32FDCB7319355C13001C1F75 /* CoreData.framework in Frameworks */ = {isa = PBXBuildFile; fileRef = 32FDCB7219355C13001C1F75 /* CoreData.framework */; };
		32FDCB7919355C13001C1F75 /* InfoPlist.strings in Resources */ = {isa = PBXBuildFile; fileRef = 32FDCB7719355C13001C1F75 /* InfoPlist.strings */; };
		32FDCB7B19355C13001C1F75 /* main.m in Sources */ = {isa = PBXBuildFile; fileRef = 32FDCB7A19355C13001C1F75 /* main.m */; };
		32FDCB7F19355C13001C1F75 /* AppDelegate.m in Sources */ = {isa = PBXBuildFile; fileRef = 32FDCB7E19355C13001C1F75 /* AppDelegate.m */; };
		32FDCB8219355C13001C1F75 /* Main.storyboard in Resources */ = {isa = PBXBuildFile; fileRef = 32FDCB8019355C13001C1F75 /* Main.storyboard */; };
		32FDCB8519355C13001C1F75 /* Anne_DocTique2.xcdatamodeld in Sources */ = {isa = PBXBuildFile; fileRef = 32FDCB8319355C13001C1F75 /* Anne_DocTique2.xcdatamodeld */; };
		32FDCB8819355C13001C1F75 /* MasterViewController.m in Sources */ = {isa = PBXBuildFile; fileRef = 32FDCB8719355C13001C1F75 /* MasterViewController.m */; };
		32FDCB8B19355C13001C1F75 /* DetailViewController.m in Sources */ = {isa = PBXBuildFile; fileRef = 32FDCB8A19355C13001C1F75 /* DetailViewController.m */; };
		32FDCB8D19355C13001C1F75 /* Images.xcassets in Resources */ = {isa = PBXBuildFile; fileRef = 32FDCB8C19355C13001C1F75 /* Images.xcassets */; };
		32FDCB9419355C13001C1F75 /* XCTest.framework in Frameworks */ = {isa = PBXBuildFile; fileRef = 32FDCB9319355C13001C1F75 /* XCTest.framework */; };
		32FDCB9519355C13001C1F75 /* Foundation.framework in Frameworks */ = {isa = PBXBuildFile; fileRef = 32FDCB6C19355C13001C1F75 /* Foundation.framework */; };
		32FDCB9619355C13001C1F75 /* UIKit.framework in Frameworks */ = {isa = PBXBuildFile; fileRef = 32FDCB7019355C13001C1F75 /* UIKit.framework */; };
		32FDCB9719355C13001C1F75 /* CoreData.framework in Frameworks */ = {isa = PBXBuildFile; fileRef = 32FDCB7219355C13001C1F75 /* CoreData.framework */; };
		32FDCB9F19355C13001C1F75 /* InfoPlist.strings in Resources */ = {isa = PBXBuildFile; fileRef = 32FDCB9D19355C13001C1F75 /* InfoPlist.strings */; };
		32FDCBA119355C13001C1F75 /* Anne_DocTique2Tests.m in Sources */ = {isa = PBXBuildFile; fileRef = 32FDCBA019355C13001C1F75 /* Anne_DocTique2Tests.m */; };
		32FDCBB019355CB9001C1F75 /* AnneAppDelegate.m in Sources */ = {isa = PBXBuildFile; fileRef = 32FDCBAB19355CB9001C1F75 /* AnneAppDelegate.m */; };
		32FDCBB119355CB9001C1F75 /* AnneViewController.m in Sources */ = {isa = PBXBuildFile; fileRef = 32FDCBAD19355CB9001C1F75 /* AnneViewController.m */; };
		32FDCBB219355CB9001C1F75 /* AnneMenuViewController.m in Sources */ = {isa = PBXBuildFile; fileRef = 32FDCBAF19355CB9001C1F75 /* AnneMenuViewController.m */; };
		32FDCBB719355CE8001C1F75 /* AnneAirViewController.m in Sources */ = {isa = PBXBuildFile; fileRef = 32FDCBB419355CE8001C1F75 /* AnneAirViewController.m */; };
		32FDCBB819355CE8001C1F75 /* AnneSessionView.m in Sources */ = {isa = PBXBuildFile; fileRef = 32FDCBB619355CE8001C1F75 /* AnneSessionView.m */; };
		32FDCBBB19355D1C001C1F75 /* UIViewAdditions.m in Sources */ = {isa = PBXBuildFile; fileRef = 32FDCBBA19355D1C001C1F75 /* UIViewAdditions.m */; };
		32FDCBD0193567D1001C1F75 /* AnneLogViewController.m in Sources */ = {isa = PBXBuildFile; fileRef = 32FDCBCE193567D1001C1F75 /* AnneLogViewController.m */; };
		32FDCBD1193567D1001C1F75 /* AnneLogViewController.xib in Resources */ = {isa = PBXBuildFile; fileRef = 32FDCBCF193567D1001C1F75 /* AnneLogViewController.xib */; };
		32FDCBDB19357385001C1F75 /* AnneProduct.m in Sources */ = {isa = PBXBuildFile; fileRef = 32FDCBD319357385001C1F75 /* AnneProduct.m */; };
		32FDCBDC19357385001C1F75 /* AnneProductCluster.m in Sources */ = {isa = PBXBuildFile; fileRef = 32FDCBD519357385001C1F75 /* AnneProductCluster.m */; };
		32FDCBDD19357385001C1F75 /* AnneMultiProductViewController.m in Sources */ = {isa = PBXBuildFile; fileRef = 32FDCBD719357385001C1F75 /* AnneMultiProductViewController.m */; };
		32FDCBE11935749A001C1F75 /* example.json in Resources */ = {isa = PBXBuildFile; fileRef = 32FDCBE01935749A001C1F75 /* example.json */; };
		32FDCBE519357A88001C1F75 /* AnneProductClusterHeaderCell.m in Sources */ = {isa = PBXBuildFile; fileRef = 32FDCBE319357A88001C1F75 /* AnneProductClusterHeaderCell.m */; };
		32FDCBE619357A88001C1F75 /* AnneProductClusterHeaderCell.xib in Resources */ = {isa = PBXBuildFile; fileRef = 32FDCBE419357A88001C1F75 /* AnneProductClusterHeaderCell.xib */; };
		32FDCBEB19358B5A001C1F75 /* AnneProductViewCell.m in Sources */ = {isa = PBXBuildFile; fileRef = 32FDCBE919358B5A001C1F75 /* AnneProductViewCell.m */; };
		32FDCBEC19358B5A001C1F75 /* AnneProductViewCell.xib in Resources */ = {isa = PBXBuildFile; fileRef = 32FDCBEA19358B5A001C1F75 /* AnneProductViewCell.xib */; };
		32FDCBEF1935FD75001C1F75 /* AnnePageControl.m in Sources */ = {isa = PBXBuildFile; fileRef = 32FDCBEE1935FD75001C1F75 /* AnnePageControl.m */; };
		32FDCBF21935FD96001C1F75 /* ViewController.m in Sources */ = {isa = PBXBuildFile; fileRef = 32FDCBF11935FD96001C1F75 /* ViewController.m */; };
/* End PBXBuildFile section */

/* Begin PBXContainerItemProxy section */
		32FDCB9819355C13001C1F75 /* PBXContainerItemProxy */ = {
			isa = PBXContainerItemProxy;
			containerPortal = 32FDCB6119355C12001C1F75 /* Project object */;
			proxyType = 1;
			remoteGlobalIDString = 32FDCB6819355C13001C1F75;
			remoteInfo = "Anne&DocTique2";
		};
/* End PBXContainerItemProxy section */

/* Begin PBXFileReference section */
		32FDCB6919355C13001C1F75 /* Anne&DocTique2.app */ = {isa = PBXFileReference; explicitFileType = wrapper.application; includeInIndex = 0; path = "Anne&DocTique2.app"; sourceTree = BUILT_PRODUCTS_DIR; };
		32FDCB6C19355C13001C1F75 /* Foundation.framework */ = {isa = PBXFileReference; lastKnownFileType = wrapper.framework; name = Foundation.framework; path = System/Library/Frameworks/Foundation.framework; sourceTree = SDKROOT; };
		32FDCB6E19355C13001C1F75 /* CoreGraphics.framework */ = {isa = PBXFileReference; lastKnownFileType = wrapper.framework; name = CoreGraphics.framework; path = System/Library/Frameworks/CoreGraphics.framework; sourceTree = SDKROOT; };
		32FDCB7019355C13001C1F75 /* UIKit.framework */ = {isa = PBXFileReference; lastKnownFileType = wrapper.framework; name = UIKit.framework; path = System/Library/Frameworks/UIKit.framework; sourceTree = SDKROOT; };
		32FDCB7219355C13001C1F75 /* CoreData.framework */ = {isa = PBXFileReference; lastKnownFileType = wrapper.framework; name = CoreData.framework; path = System/Library/Frameworks/CoreData.framework; sourceTree = SDKROOT; };
		32FDCB7619355C13001C1F75 /* Anne&DocTique2-Info.plist */ = {isa = PBXFileReference; lastKnownFileType = text.plist.xml; path = "Anne&DocTique2-Info.plist"; sourceTree = "<group>"; };
		32FDCB7819355C13001C1F75 /* en */ = {isa = PBXFileReference; lastKnownFileType = text.plist.strings; name = en; path = en.lproj/InfoPlist.strings; sourceTree = "<group>"; };
		32FDCB7A19355C13001C1F75 /* main.m */ = {isa = PBXFileReference; lastKnownFileType = sourcecode.c.objc; path = main.m; sourceTree = "<group>"; };
		32FDCB7C19355C13001C1F75 /* Anne&DocTique2-Prefix.pch */ = {isa = PBXFileReference; lastKnownFileType = sourcecode.c.h; path = "Anne&DocTique2-Prefix.pch"; sourceTree = "<group>"; };
		32FDCB7D19355C13001C1F75 /* AppDelegate.h */ = {isa = PBXFileReference; lastKnownFileType = sourcecode.c.h; path = AppDelegate.h; sourceTree = "<group>"; };
		32FDCB7E19355C13001C1F75 /* AppDelegate.m */ = {isa = PBXFileReference; lastKnownFileType = sourcecode.c.objc; path = AppDelegate.m; sourceTree = "<group>"; };
		32FDCB8119355C13001C1F75 /* Base */ = {isa = PBXFileReference; lastKnownFileType = file.storyboard; name = Base; path = Base.lproj/Main.storyboard; sourceTree = "<group>"; };
		32FDCB8419355C13001C1F75 /* Anne_DocTique2.xcdatamodel */ = {isa = PBXFileReference; lastKnownFileType = wrapper.xcdatamodel; path = Anne_DocTique2.xcdatamodel; sourceTree = "<group>"; };
		32FDCB8619355C13001C1F75 /* MasterViewController.h */ = {isa = PBXFileReference; lastKnownFileType = sourcecode.c.h; path = MasterViewController.h; sourceTree = "<group>"; };
		32FDCB8719355C13001C1F75 /* MasterViewController.m */ = {isa = PBXFileReference; lastKnownFileType = sourcecode.c.objc; path = MasterViewController.m; sourceTree = "<group>"; };
		32FDCB8919355C13001C1F75 /* DetailViewController.h */ = {isa = PBXFileReference; lastKnownFileType = sourcecode.c.h; path = DetailViewController.h; sourceTree = "<group>"; };
		32FDCB8A19355C13001C1F75 /* DetailViewController.m */ = {isa = PBXFileReference; lastKnownFileType = sourcecode.c.objc; path = DetailViewController.m; sourceTree = "<group>"; };
		32FDCB8C19355C13001C1F75 /* Images.xcassets */ = {isa = PBXFileReference; lastKnownFileType = folder.assetcatalog; path = Images.xcassets; sourceTree = "<group>"; };
		32FDCB9219355C13001C1F75 /* Anne&DocTique2Tests.xctest */ = {isa = PBXFileReference; explicitFileType = wrapper.cfbundle; includeInIndex = 0; path = "Anne&DocTique2Tests.xctest"; sourceTree = BUILT_PRODUCTS_DIR; };
		32FDCB9319355C13001C1F75 /* XCTest.framework */ = {isa = PBXFileReference; lastKnownFileType = wrapper.framework; name = XCTest.framework; path = Library/Frameworks/XCTest.framework; sourceTree = DEVELOPER_DIR; };
		32FDCB9C19355C13001C1F75 /* Anne&DocTique2Tests-Info.plist */ = {isa = PBXFileReference; lastKnownFileType = text.plist.xml; path = "Anne&DocTique2Tests-Info.plist"; sourceTree = "<group>"; };
		32FDCB9E19355C13001C1F75 /* en */ = {isa = PBXFileReference; lastKnownFileType = text.plist.strings; name = en; path = en.lproj/InfoPlist.strings; sourceTree = "<group>"; };
		32FDCBA019355C13001C1F75 /* Anne_DocTique2Tests.m */ = {isa = PBXFileReference; lastKnownFileType = sourcecode.c.objc; path = Anne_DocTique2Tests.m; sourceTree = "<group>"; };
		32FDCBAA19355CB9001C1F75 /* AnneAppDelegate.h */ = {isa = PBXFileReference; fileEncoding = 4; lastKnownFileType = sourcecode.c.h; path = AnneAppDelegate.h; sourceTree = "<group>"; };
		32FDCBAB19355CB9001C1F75 /* AnneAppDelegate.m */ = {isa = PBXFileReference; fileEncoding = 4; lastKnownFileType = sourcecode.c.objc; path = AnneAppDelegate.m; sourceTree = "<group>"; };
		32FDCBAC19355CB9001C1F75 /* AnneViewController.h */ = {isa = PBXFileReference; fileEncoding = 4; lastKnownFileType = sourcecode.c.h; path = AnneViewController.h; sourceTree = "<group>"; };
		32FDCBAD19355CB9001C1F75 /* AnneViewController.m */ = {isa = PBXFileReference; fileEncoding = 4; lastKnownFileType = sourcecode.c.objc; path = AnneViewController.m; sourceTree = "<group>"; };
		32FDCBAE19355CB9001C1F75 /* AnneMenuViewController.h */ = {isa = PBXFileReference; fileEncoding = 4; lastKnownFileType = sourcecode.c.h; path = AnneMenuViewController.h; sourceTree = "<group>"; };
		32FDCBAF19355CB9001C1F75 /* AnneMenuViewController.m */ = {isa = PBXFileReference; fileEncoding = 4; lastKnownFileType = sourcecode.c.objc; path = AnneMenuViewController.m; sourceTree = "<group>"; };
		32FDCBB319355CE8001C1F75 /* AnneAirViewController.h */ = {isa = PBXFileReference; fileEncoding = 4; lastKnownFileType = sourcecode.c.h; path = AnneAirViewController.h; sourceTree = "<group>"; };
		32FDCBB419355CE8001C1F75 /* AnneAirViewController.m */ = {isa = PBXFileReference; fileEncoding = 4; lastKnownFileType = sourcecode.c.objc; path = AnneAirViewController.m; sourceTree = "<group>"; };
		32FDCBB519355CE8001C1F75 /* AnneSessionView.h */ = {isa = PBXFileReference; fileEncoding = 4; lastKnownFileType = sourcecode.c.h; path = AnneSessionView.h; sourceTree = "<group>"; };
		32FDCBB619355CE8001C1F75 /* AnneSessionView.m */ = {isa = PBXFileReference; fileEncoding = 4; lastKnownFileType = sourcecode.c.objc; path = AnneSessionView.m; sourceTree = "<group>"; };
		32FDCBB919355D1C001C1F75 /* UIViewAdditions.h */ = {isa = PBXFileReference; fileEncoding = 4; lastKnownFileType = sourcecode.c.h; path = UIViewAdditions.h; sourceTree = "<group>"; };
		32FDCBBA19355D1C001C1F75 /* UIViewAdditions.m */ = {isa = PBXFileReference; fileEncoding = 4; lastKnownFileType = sourcecode.c.objc; path = UIViewAdditions.m; sourceTree = "<group>"; };
		32FDCBCD193567D1001C1F75 /* AnneLogViewController.h */ = {isa = PBXFileReference; fileEncoding = 4; lastKnownFileType = sourcecode.c.h; name = AnneLogViewController.h; path = "Anne&DocTique2/AnneLogViewController.h"; sourceTree = "<group>"; };
		32FDCBCE193567D1001C1F75 /* AnneLogViewController.m */ = {isa = PBXFileReference; fileEncoding = 4; lastKnownFileType = sourcecode.c.objc; name = AnneLogViewController.m; path = "Anne&DocTique2/AnneLogViewController.m"; sourceTree = "<group>"; };
		32FDCBCF193567D1001C1F75 /* AnneLogViewController.xib */ = {isa = PBXFileReference; fileEncoding = 4; lastKnownFileType = file.xib; name = AnneLogViewController.xib; path = "Anne&DocTique2/AnneLogViewController.xib"; sourceTree = "<group>"; };
		32FDCBD219357385001C1F75 /* AnneProduct.h */ = {isa = PBXFileReference; fileEncoding = 4; lastKnownFileType = sourcecode.c.h; path = AnneProduct.h; sourceTree = "<group>"; };
		32FDCBD319357385001C1F75 /* AnneProduct.m */ = {isa = PBXFileReference; fileEncoding = 4; lastKnownFileType = sourcecode.c.objc; path = AnneProduct.m; sourceTree = "<group>"; };
		32FDCBD419357385001C1F75 /* AnneProductCluster.h */ = {isa = PBXFileReference; fileEncoding = 4; lastKnownFileType = sourcecode.c.h; path = AnneProductCluster.h; sourceTree = "<group>"; };
		32FDCBD519357385001C1F75 /* AnneProductCluster.m */ = {isa = PBXFileReference; fileEncoding = 4; lastKnownFileType = sourcecode.c.objc; path = AnneProductCluster.m; sourceTree = "<group>"; };
		32FDCBD619357385001C1F75 /* AnneMultiProductViewController.h */ = {isa = PBXFileReference; fileEncoding = 4; lastKnownFileType = sourcecode.c.h; path = AnneMultiProductViewController.h; sourceTree = "<group>"; };
		32FDCBD719357385001C1F75 /* AnneMultiProductViewController.m */ = {isa = PBXFileReference; fileEncoding = 4; lastKnownFileType = sourcecode.c.objc; path = AnneMultiProductViewController.m; sourceTree = "<group>"; };
		32FDCBE01935749A001C1F75 /* example.json */ = {isa = PBXFileReference; fileEncoding = 4; lastKnownFileType = text.json; path = example.json; sourceTree = "<group>"; };
		32FDCBE219357A88001C1F75 /* AnneProductClusterHeaderCell.h */ = {isa = PBXFileReference; fileEncoding = 4; lastKnownFileType = sourcecode.c.h; path = AnneProductClusterHeaderCell.h; sourceTree = "<group>"; };
		32FDCBE319357A88001C1F75 /* AnneProductClusterHeaderCell.m */ = {isa = PBXFileReference; fileEncoding = 4; lastKnownFileType = sourcecode.c.objc; path = AnneProductClusterHeaderCell.m; sourceTree = "<group>"; };
		32FDCBE419357A88001C1F75 /* AnneProductClusterHeaderCell.xib */ = {isa = PBXFileReference; fileEncoding = 4; lastKnownFileType = file.xib; path = AnneProductClusterHeaderCell.xib; sourceTree = "<group>"; };
		32FDCBE819358B5A001C1F75 /* AnneProductViewCell.h */ = {isa = PBXFileReference; fileEncoding = 4; lastKnownFileType = sourcecode.c.h; path = AnneProductViewCell.h; sourceTree = "<group>"; };
		32FDCBE919358B5A001C1F75 /* AnneProductViewCell.m */ = {isa = PBXFileReference; fileEncoding = 4; lastKnownFileType = sourcecode.c.objc; path = AnneProductViewCell.m; sourceTree = "<group>"; };
		32FDCBEA19358B5A001C1F75 /* AnneProductViewCell.xib */ = {isa = PBXFileReference; fileEncoding = 4; lastKnownFileType = file.xib; path = AnneProductViewCell.xib; sourceTree = "<group>"; };
		32FDCBED1935FD75001C1F75 /* AnnePageControl.h */ = {isa = PBXFileReference; fileEncoding = 4; lastKnownFileType = sourcecode.c.h; path = AnnePageControl.h; sourceTree = "<group>"; };
		32FDCBEE1935FD75001C1F75 /* AnnePageControl.m */ = {isa = PBXFileReference; fileEncoding = 4; lastKnownFileType = sourcecode.c.objc; path = AnnePageControl.m; sourceTree = "<group>"; };
		32FDCBF01935FD96001C1F75 /* ViewController.h */ = {isa = PBXFileReference; fileEncoding = 4; lastKnownFileType = sourcecode.c.h; path = ViewController.h; sourceTree = "<group>"; };
		32FDCBF11935FD96001C1F75 /* ViewController.m */ = {isa = PBXFileReference; fileEncoding = 4; lastKnownFileType = sourcecode.c.objc; path = ViewController.m; sourceTree = "<group>"; };
/* End PBXFileReference section */

/* Begin PBXFrameworksBuildPhase section */
		32FDCB6619355C13001C1F75 /* Frameworks */ = {
			isa = PBXFrameworksBuildPhase;
			buildActionMask = 2147483647;
			files = (
				32FDCB6F19355C13001C1F75 /* CoreGraphics.framework in Frameworks */,
				32FDCB7319355C13001C1F75 /* CoreData.framework in Frameworks */,
				32FDCB7119355C13001C1F75 /* UIKit.framework in Frameworks */,
				32FDCB6D19355C13001C1F75 /* Foundation.framework in Frameworks */,
			);
			runOnlyForDeploymentPostprocessing = 0;
		};
		32FDCB8F19355C13001C1F75 /* Frameworks */ = {
			isa = PBXFrameworksBuildPhase;
			buildActionMask = 2147483647;
			files = (
				32FDCB9419355C13001C1F75 /* XCTest.framework in Frameworks */,
				32FDCB9719355C13001C1F75 /* CoreData.framework in Frameworks */,
				32FDCB9619355C13001C1F75 /* UIKit.framework in Frameworks */,
				32FDCB9519355C13001C1F75 /* Foundation.framework in Frameworks */,
			);
			runOnlyForDeploymentPostprocessing = 0;
		};
/* End PBXFrameworksBuildPhase section */

/* Begin PBXGroup section */
		32FDCB6019355C12001C1F75 = {
			isa = PBXGroup;
			children = (
				32FDCBCD193567D1001C1F75 /* AnneLogViewController.h */,
				32FDCBCE193567D1001C1F75 /* AnneLogViewController.m */,
				32FDCBCF193567D1001C1F75 /* AnneLogViewController.xib */,
				32FDCBED1935FD75001C1F75 /* AnnePageControl.h */,
				32FDCBEE1935FD75001C1F75 /* AnnePageControl.m */,
				32FDCBF01935FD96001C1F75 /* ViewController.h */,
				32FDCBF11935FD96001C1F75 /* ViewController.m */,
				32FDCB7419355C13001C1F75 /* Anne&DocTique2 */,
				32FDCB9A19355C13001C1F75 /* Anne&DocTique2Tests */,
				32FDCB6B19355C13001C1F75 /* Frameworks */,
				32FDCB6A19355C13001C1F75 /* Products */,
			);
			sourceTree = "<group>";
		};
		32FDCB6A19355C13001C1F75 /* Products */ = {
			isa = PBXGroup;
			children = (
				32FDCB6919355C13001C1F75 /* Anne&DocTique2.app */,
				32FDCB9219355C13001C1F75 /* Anne&DocTique2Tests.xctest */,
			);
			name = Products;
			sourceTree = "<group>";
		};
		32FDCB6B19355C13001C1F75 /* Frameworks */ = {
			isa = PBXGroup;
			children = (
				32FDCB6C19355C13001C1F75 /* Foundation.framework */,
				32FDCB6E19355C13001C1F75 /* CoreGraphics.framework */,
				32FDCB7019355C13001C1F75 /* UIKit.framework */,
				32FDCB7219355C13001C1F75 /* CoreData.framework */,
				32FDCB9319355C13001C1F75 /* XCTest.framework */,
			);
			name = Frameworks;
			sourceTree = "<group>";
		};
		32FDCB7419355C13001C1F75 /* Anne&DocTique2 */ = {
			isa = PBXGroup;
			children = (
				32FDCBBF1935658D001C1F75 /* MenuAir */,
				32FDCB7D19355C13001C1F75 /* AppDelegate.h */,
				32FDCB7E19355C13001C1F75 /* AppDelegate.m */,
				32FDCB8019355C13001C1F75 /* Main.storyboard */,
				32FDCBE719357B21001C1F75 /* AnecdoteProduct */,
				32FDCB8619355C13001C1F75 /* MasterViewController.h */,
				32FDCB8719355C13001C1F75 /* MasterViewController.m */,
				32FDCB8919355C13001C1F75 /* DetailViewController.h */,
				32FDCB8A19355C13001C1F75 /* DetailViewController.m */,
				32FDCBE01935749A001C1F75 /* example.json */,
				32FDCB8C19355C13001C1F75 /* Images.xcassets */,
				32FDCB8319355C13001C1F75 /* Anne_DocTique2.xcdatamodeld */,
				32FDCB7519355C13001C1F75 /* Supporting Files */,
			);
			path = "Anne&DocTique2";
			sourceTree = "<group>";
		};
		32FDCB7519355C13001C1F75 /* Supporting Files */ = {
			isa = PBXGroup;
			children = (
				32FDCB7619355C13001C1F75 /* Anne&DocTique2-Info.plist */,
				32FDCB7719355C13001C1F75 /* InfoPlist.strings */,
				32FDCB7A19355C13001C1F75 /* main.m */,
				32FDCB7C19355C13001C1F75 /* Anne&DocTique2-Prefix.pch */,
			);
			name = "Supporting Files";
			sourceTree = "<group>";
		};
		32FDCB9A19355C13001C1F75 /* Anne&DocTique2Tests */ = {
			isa = PBXGroup;
			children = (
				32FDCBA019355C13001C1F75 /* Anne_DocTique2Tests.m */,
				32FDCB9B19355C13001C1F75 /* Supporting Files */,
			);
			path = "Anne&DocTique2Tests";
			sourceTree = "<group>";
		};
		32FDCB9B19355C13001C1F75 /* Supporting Files */ = {
			isa = PBXGroup;
			children = (
				32FDCB9C19355C13001C1F75 /* Anne&DocTique2Tests-Info.plist */,
				32FDCB9D19355C13001C1F75 /* InfoPlist.strings */,
			);
			name = "Supporting Files";
			sourceTree = "<group>";
		};
		32FDCBBC19355D2A001C1F75 /* KNAddittions */ = {
			isa = PBXGroup;
			children = (
				32FDCBB919355D1C001C1F75 /* UIViewAdditions.h */,
				32FDCBBA19355D1C001C1F75 /* UIViewAdditions.m */,
			);
			name = KNAddittions;
			sourceTree = "<group>";
		};
		32FDCBBD19355D55001C1F75 /* Source */ = {
			isa = PBXGroup;
			children = (
				32FDCBB319355CE8001C1F75 /* AnneAirViewController.h */,
				32FDCBB419355CE8001C1F75 /* AnneAirViewController.m */,
				32FDCBB519355CE8001C1F75 /* AnneSessionView.h */,
				32FDCBB619355CE8001C1F75 /* AnneSessionView.m */,
			);
			name = Source;
			sourceTree = "<group>";
		};
		32FDCBBE19355D65001C1F75 /* Library */ = {
			isa = PBXGroup;
			children = (
				32FDCBBC19355D2A001C1F75 /* KNAddittions */,
			);
			name = Library;
			sourceTree = "<group>";
		};
		32FDCBBF1935658D001C1F75 /* MenuAir */ = {
			isa = PBXGroup;
			children = (
				32FDCBBE19355D65001C1F75 /* Library */,
				32FDCBBD19355D55001C1F75 /* Source */,
				32FDCBAA19355CB9001C1F75 /* AnneAppDelegate.h */,
				32FDCBAB19355CB9001C1F75 /* AnneAppDelegate.m */,
				32FDCBAC19355CB9001C1F75 /* AnneViewController.h */,
				32FDCBAD19355CB9001C1F75 /* AnneViewController.m */,
				32FDCBAE19355CB9001C1F75 /* AnneMenuViewController.h */,
				32FDCBAF19355CB9001C1F75 /* AnneMenuViewController.m */,
			);
			name = MenuAir;
			sourceTree = "<group>";
		};
		32FDCBE719357B21001C1F75 /* AnecdoteProduct */ = {
			isa = PBXGroup;
			children = (
				32FDCBD219357385001C1F75 /* AnneProduct.h */,
				32FDCBD319357385001C1F75 /* AnneProduct.m */,
				32FDCBD419357385001C1F75 /* AnneProductCluster.h */,
				32FDCBD519357385001C1F75 /* AnneProductCluster.m */,
				32FDCBD619357385001C1F75 /* AnneMultiProductViewController.h */,
				32FDCBD719357385001C1F75 /* AnneMultiProductViewController.m */,
				32FDCBE219357A88001C1F75 /* AnneProductClusterHeaderCell.h */,
				32FDCBE319357A88001C1F75 /* AnneProductClusterHeaderCell.m */,
				32FDCBE419357A88001C1F75 /* AnneProductClusterHeaderCell.xib */,
				32FDCBE819358B5A001C1F75 /* AnneProductViewCell.h */,
				32FDCBE919358B5A001C1F75 /* AnneProductViewCell.m */,
				32FDCBEA19358B5A001C1F75 /* AnneProductViewCell.xib */,
			);
			name = AnecdoteProduct;
			sourceTree = "<group>";
		};
/* End PBXGroup section */

/* Begin PBXNativeTarget section */
		32FDCB6819355C13001C1F75 /* Anne&DocTique2 */ = {
			isa = PBXNativeTarget;
			buildConfigurationList = 32FDCBA419355C13001C1F75 /* Build configuration list for PBXNativeTarget "Anne&DocTique2" */;
			buildPhases = (
				32FDCB6519355C13001C1F75 /* Sources */,
				32FDCB6619355C13001C1F75 /* Frameworks */,
				32FDCB6719355C13001C1F75 /* Resources */,
			);
			buildRules = (
			);
			dependencies = (
			);
			name = "Anne&DocTique2";
			productName = "Anne&DocTique2";
			productReference = 32FDCB6919355C13001C1F75 /* Anne&DocTique2.app */;
			productType = "com.apple.product-type.application";
		};
		32FDCB9119355C13001C1F75 /* Anne&DocTique2Tests */ = {
			isa = PBXNativeTarget;
			buildConfigurationList = 32FDCBA719355C13001C1F75 /* Build configuration list for PBXNativeTarget "Anne&DocTique2Tests" */;
			buildPhases = (
				32FDCB8E19355C13001C1F75 /* Sources */,
				32FDCB8F19355C13001C1F75 /* Frameworks */,
				32FDCB9019355C13001C1F75 /* Resources */,
			);
			buildRules = (
			);
			dependencies = (
				32FDCB9919355C13001C1F75 /* PBXTargetDependency */,
			);
			name = "Anne&DocTique2Tests";
			productName = "Anne&DocTique2Tests";
			productReference = 32FDCB9219355C13001C1F75 /* Anne&DocTique2Tests.xctest */;
			productType = "com.apple.product-type.bundle.unit-test";
		};
/* End PBXNativeTarget section */

/* Begin PBXProject section */
		32FDCB6119355C12001C1F75 /* Project object */ = {
			isa = PBXProject;
			attributes = {
				LastUpgradeCheck = 0510;
				ORGANIZATIONNAME = Lionel;
				TargetAttributes = {
					32FDCB9119355C13001C1F75 = {
						TestTargetID = 32FDCB6819355C13001C1F75;
					};
				};
			};
			buildConfigurationList = 32FDCB6419355C12001C1F75 /* Build configuration list for PBXProject "Anne&DocTique2" */;
			compatibilityVersion = "Xcode 3.2";
			developmentRegion = English;
			hasScannedForEncodings = 0;
			knownRegions = (
				en,
				Base,
			);
			mainGroup = 32FDCB6019355C12001C1F75;
			productRefGroup = 32FDCB6A19355C13001C1F75 /* Products */;
			projectDirPath = "";
			projectRoot = "";
			targets = (
				32FDCB6819355C13001C1F75 /* Anne&DocTique2 */,
				32FDCB9119355C13001C1F75 /* Anne&DocTique2Tests */,
			);
		};
/* End PBXProject section */

/* Begin PBXResourcesBuildPhase section */
		32FDCB6719355C13001C1F75 /* Resources */ = {
			isa = PBXResourcesBuildPhase;
			buildActionMask = 2147483647;
			files = (
				32FDCBE619357A88001C1F75 /* AnneProductClusterHeaderCell.xib in Resources */,
				32FDCB8D19355C13001C1F75 /* Images.xcassets in Resources */,
				32FDCBE11935749A001C1F75 /* example.json in Resources */,
				32FDCBD1193567D1001C1F75 /* AnneLogViewController.xib in Resources */,
				32FDCB7919355C13001C1F75 /* InfoPlist.strings in Resources */,
				32FDCBEC19358B5A001C1F75 /* AnneProductViewCell.xib in Resources */,
				32FDCB8219355C13001C1F75 /* Main.storyboard in Resources */,
			);
			runOnlyForDeploymentPostprocessing = 0;
		};
		32FDCB9019355C13001C1F75 /* Resources */ = {
			isa = PBXResourcesBuildPhase;
			buildActionMask = 2147483647;
			files = (
				32FDCB9F19355C13001C1F75 /* InfoPlist.strings in Resources */,
			);
			runOnlyForDeploymentPostprocessing = 0;
		};
/* End PBXResourcesBuildPhase section */

/* Begin PBXSourcesBuildPhase section */
		32FDCB6519355C13001C1F75 /* Sources */ = {
			isa = PBXSourcesBuildPhase;
			buildActionMask = 2147483647;
			files = (
				32FDCBEB19358B5A001C1F75 /* AnneProductViewCell.m in Sources */,
				32FDCBE519357A88001C1F75 /* AnneProductClusterHeaderCell.m in Sources */,
				32FDCBDB19357385001C1F75 /* AnneProduct.m in Sources */,
				32FDCBDC19357385001C1F75 /* AnneProductCluster.m in Sources */,
				32FDCBB119355CB9001C1F75 /* AnneViewController.m in Sources */,
				32FDCBB719355CE8001C1F75 /* AnneAirViewController.m in Sources */,
				32FDCBDD19357385001C1F75 /* AnneMultiProductViewController.m in Sources */,
				32FDCBB219355CB9001C1F75 /* AnneMenuViewController.m in Sources */,
				32FDCBF21935FD96001C1F75 /* ViewController.m in Sources */,
				32FDCBBB19355D1C001C1F75 /* UIViewAdditions.m in Sources */,
				32FDCB8B19355C13001C1F75 /* DetailViewController.m in Sources */,
				32FDCBEF1935FD75001C1F75 /* AnnePageControl.m in Sources */,
				32FDCB8819355C13001C1F75 /* MasterViewController.m in Sources */,
				32FDCBB019355CB9001C1F75 /* AnneAppDelegate.m in Sources */,
				32FDCB7F19355C13001C1F75 /* AppDelegate.m in Sources */,
				32FDCB8519355C13001C1F75 /* Anne_DocTique2.xcdatamodeld in Sources */,
				32FDCBD0193567D1001C1F75 /* AnneLogViewController.m in Sources */,
				32FDCB7B19355C13001C1F75 /* main.m in Sources */,
				32FDCBB819355CE8001C1F75 /* AnneSessionView.m in Sources */,
			);
			runOnlyForDeploymentPostprocessing = 0;
		};
		32FDCB8E19355C13001C1F75 /* Sources */ = {
			isa = PBXSourcesBuildPhase;
			buildActionMask = 2147483647;
			files = (
				32FDCBA119355C13001C1F75 /* Anne_DocTique2Tests.m in Sources */,
			);
			runOnlyForDeploymentPostprocessing = 0;
		};
/* End PBXSourcesBuildPhase section */

/* Begin PBXTargetDependency section */
		32FDCB9919355C13001C1F75 /* PBXTargetDependency */ = {
			isa = PBXTargetDependency;
			target = 32FDCB6819355C13001C1F75 /* Anne&DocTique2 */;
			targetProxy = 32FDCB9819355C13001C1F75 /* PBXContainerItemProxy */;
		};
/* End PBXTargetDependency section */

/* Begin PBXVariantGroup section */
		32FDCB7719355C13001C1F75 /* InfoPlist.strings */ = {
			isa = PBXVariantGroup;
			children = (
				32FDCB7819355C13001C1F75 /* en */,
			);
			name = InfoPlist.strings;
			sourceTree = "<group>";
		};
		32FDCB8019355C13001C1F75 /* Main.storyboard */ = {
			isa = PBXVariantGroup;
			children = (
				32FDCB8119355C13001C1F75 /* Base */,
			);
			name = Main.storyboard;
			sourceTree = "<group>";
		};
		32FDCB9D19355C13001C1F75 /* InfoPlist.strings */ = {
			isa = PBXVariantGroup;
			children = (
				32FDCB9E19355C13001C1F75 /* en */,
			);
			name = InfoPlist.strings;
			sourceTree = "<group>";
		};
/* End PBXVariantGroup section */

/* Begin XCBuildConfiguration section */
		32FDCBA219355C13001C1F75 /* Debug */ = {
			isa = XCBuildConfiguration;
			buildSettings = {
				ALWAYS_SEARCH_USER_PATHS = NO;
				CLANG_CXX_LANGUAGE_STANDARD = "gnu++0x";
				CLANG_CXX_LIBRARY = "libc++";
				CLANG_ENABLE_MODULES = YES;
				CLANG_ENABLE_OBJC_ARC = YES;
				CLANG_WARN_BOOL_CONVERSION = YES;
				CLANG_WARN_CONSTANT_CONVERSION = YES;
				CLANG_WARN_DIRECT_OBJC_ISA_USAGE = YES_ERROR;
				CLANG_WARN_EMPTY_BODY = YES;
				CLANG_WARN_ENUM_CONVERSION = YES;
				CLANG_WARN_INT_CONVERSION = YES;
				CLANG_WARN_OBJC_ROOT_CLASS = YES_ERROR;
				CLANG_WARN__DUPLICATE_METHOD_MATCH = YES;
				"CODE_SIGN_IDENTITY[sdk=iphoneos*]" = "iPhone Developer";
				COPY_PHASE_STRIP = NO;
				GCC_C_LANGUAGE_STANDARD = gnu99;
				GCC_DYNAMIC_NO_PIC = NO;
				GCC_OPTIMIZATION_LEVEL = 0;
				GCC_PREPROCESSOR_DEFINITIONS = (
					"DEBUG=1",
					"$(inherited)",
				);
				GCC_SYMBOLS_PRIVATE_EXTERN = NO;
				GCC_WARN_64_TO_32_BIT_CONVERSION = YES;
				GCC_WARN_ABOUT_RETURN_TYPE = YES_ERROR;
				GCC_WARN_UNDECLARED_SELECTOR = YES;
				GCC_WARN_UNINITIALIZED_AUTOS = YES_AGGRESSIVE;
				GCC_WARN_UNUSED_FUNCTION = YES;
				GCC_WARN_UNUSED_VARIABLE = YES;
				IPHONEOS_DEPLOYMENT_TARGET = 7.1;
				ONLY_ACTIVE_ARCH = YES;
				SDKROOT = iphoneos;
			};
			name = Debug;
		};
		32FDCBA319355C13001C1F75 /* Release */ = {
			isa = XCBuildConfiguration;
			buildSettings = {
				ALWAYS_SEARCH_USER_PATHS = NO;
				CLANG_CXX_LANGUAGE_STANDARD = "gnu++0x";
				CLANG_CXX_LIBRARY = "libc++";
				CLANG_ENABLE_MODULES = YES;
				CLANG_ENABLE_OBJC_ARC = YES;
				CLANG_WARN_BOOL_CONVERSION = YES;
				CLANG_WARN_CONSTANT_CONVERSION = YES;
				CLANG_WARN_DIRECT_OBJC_ISA_USAGE = YES_ERROR;
				CLANG_WARN_EMPTY_BODY = YES;
				CLANG_WARN_ENUM_CONVERSION = YES;
				CLANG_WARN_INT_CONVERSION = YES;
				CLANG_WARN_OBJC_ROOT_CLASS = YES_ERROR;
				CLANG_WARN__DUPLICATE_METHOD_MATCH = YES;
				"CODE_SIGN_IDENTITY[sdk=iphoneos*]" = "iPhone Developer";
				COPY_PHASE_STRIP = YES;
				ENABLE_NS_ASSERTIONS = NO;
				GCC_C_LANGUAGE_STANDARD = gnu99;
				GCC_WARN_64_TO_32_BIT_CONVERSION = YES;
				GCC_WARN_ABOUT_RETURN_TYPE = YES_ERROR;
				GCC_WARN_UNDECLARED_SELECTOR = YES;
				GCC_WARN_UNINITIALIZED_AUTOS = YES_AGGRESSIVE;
				GCC_WARN_UNUSED_FUNCTION = YES;
				GCC_WARN_UNUSED_VARIABLE = YES;
				IPHONEOS_DEPLOYMENT_TARGET = 7.1;
				SDKROOT = iphoneos;
				VALIDATE_PRODUCT = YES;
			};
			name = Release;
		};
		32FDCBA519355C13001C1F75 /* Debug */ = {
			isa = XCBuildConfiguration;
			buildSettings = {
				ASSETCATALOG_COMPILER_APPICON_NAME = AppIcon;
				ASSETCATALOG_COMPILER_LAUNCHIMAGE_NAME = LaunchImage;
				GCC_PRECOMPILE_PREFIX_HEADER = YES;
				GCC_PREFIX_HEADER = "Anne&DocTique2/Anne&DocTique2-Prefix.pch";
				INFOPLIST_FILE = "Anne&DocTique2/Anne&DocTique2-Info.plist";
				PRODUCT_NAME = "$(TARGET_NAME)";
				WRAPPER_EXTENSION = app;
			};
			name = Debug;
		};
		32FDCBA619355C13001C1F75 /* Release */ = {
			isa = XCBuildConfiguration;
			buildSettings = {
				ASSETCATALOG_COMPILER_APPICON_NAME = AppIcon;
				ASSETCATALOG_COMPILER_LAUNCHIMAGE_NAME = LaunchImage;
				GCC_PRECOMPILE_PREFIX_HEADER = YES;
				GCC_PREFIX_HEADER = "Anne&DocTique2/Anne&DocTique2-Prefix.pch";
				INFOPLIST_FILE = "Anne&DocTique2/Anne&DocTique2-Info.plist";
				PRODUCT_NAME = "$(TARGET_NAME)";
				WRAPPER_EXTENSION = app;
			};
			name = Release;
		};
		32FDCBA819355C13001C1F75 /* Debug */ = {
			isa = XCBuildConfiguration;
			buildSettings = {
				BUNDLE_LOADER = "$(BUILT_PRODUCTS_DIR)/Anne&DocTique2.app/Anne&DocTique2";
				FRAMEWORK_SEARCH_PATHS = (
					"$(SDKROOT)/Developer/Library/Frameworks",
					"$(inherited)",
					"$(DEVELOPER_FRAMEWORKS_DIR)",
				);
				GCC_PRECOMPILE_PREFIX_HEADER = YES;
				GCC_PREFIX_HEADER = "Anne&DocTique2/Anne&DocTique2-Prefix.pch";
				GCC_PREPROCESSOR_DEFINITIONS = (
					"DEBUG=1",
					"$(inherited)",
				);
				INFOPLIST_FILE = "Anne&DocTique2Tests/Anne&DocTique2Tests-Info.plist";
				PRODUCT_NAME = "$(TARGET_NAME)";
				TEST_HOST = "$(BUNDLE_LOADER)";
				WRAPPER_EXTENSION = xctest;
			};
			name = Debug;
		};
		32FDCBA919355C13001C1F75 /* Release */ = {
			isa = XCBuildConfiguration;
			buildSettings = {
				BUNDLE_LOADER = "$(BUILT_PRODUCTS_DIR)/Anne&DocTique2.app/Anne&DocTique2";
				FRAMEWORK_SEARCH_PATHS = (
					"$(SDKROOT)/Developer/Library/Frameworks",
					"$(inherited)",
					"$(DEVELOPER_FRAMEWORKS_DIR)",
				);
				GCC_PRECOMPILE_PREFIX_HEADER = YES;
				GCC_PREFIX_HEADER = "Anne&DocTique2/Anne&DocTique2-Prefix.pch";
				INFOPLIST_FILE = "Anne&DocTique2Tests/Anne&DocTique2Tests-Info.plist";
				PRODUCT_NAME = "$(TARGET_NAME)";
				TEST_HOST = "$(BUNDLE_LOADER)";
				WRAPPER_EXTENSION = xctest;
			};
			name = Release;
		};
/* End XCBuildConfiguration section */

/* Begin XCConfigurationList section */
		32FDCB6419355C12001C1F75 /* Build configuration list for PBXProject "Anne&DocTique2" */ = {
			isa = XCConfigurationList;
			buildConfigurations = (
				32FDCBA219355C13001C1F75 /* Debug */,
				32FDCBA319355C13001C1F75 /* Release */,
			);
			defaultConfigurationIsVisible = 0;
			defaultConfigurationName = Release;
		};
		32FDCBA419355C13001C1F75 /* Build configuration list for PBXNativeTarget "Anne&DocTique2" */ = {
			isa = XCConfigurationList;
			buildConfigurations = (
				32FDCBA519355C13001C1F75 /* Debug */,
				32FDCBA619355C13001C1F75 /* Release */,
			);
			defaultConfigurationIsVisible = 0;
		};
		32FDCBA719355C13001C1F75 /* Build configuration list for PBXNativeTarget "Anne&DocTique2Tests" */ = {
			isa = XCConfigurationList;
			buildConfigurations = (
				32FDCBA819355C13001C1F75 /* Debug */,
				32FDCBA919355C13001C1F75 /* Release */,
			);
			defaultConfigurationIsVisible = 0;
		};
/* End XCConfigurationList section */

/* Begin XCVersionGroup section */
		32FDCB8319355C13001C1F75 /* Anne_DocTique2.xcdatamodeld */ = {
			isa = XCVersionGroup;
			children = (
				32FDCB8419355C13001C1F75 /* Anne_DocTique2.xcdatamodel */,
			);
			currentVersion = 32FDCB8419355C13001C1F75 /* Anne_DocTique2.xcdatamodel */;
			path = Anne_DocTique2.xcdatamodeld;
			sourceTree = "<group>";
			versionGroupType = wrapper.xcdatamodel;
		};
/* End XCVersionGroup section */
	};
	rootObject = 32FDCB6119355C12001C1F75 /* Project object */;
}
